// !$*UTF8*$!
{
	archiveVersion = 1;
	classes = {
	};
	objectVersion = 63;
	objects = {

/* Begin PBXBuildFile section */
		00930BDF44E37BD5DEE68C94 /* Config.plist in Resources */ = {isa = PBXBuildFile; fileRef = EDF125DA6237D4962826A67C /* Config.plist */; };
		0E20A83783DA7460C79E88D9 /* DashboardViewModelTests.swift in Sources */ = {isa = PBXBuildFile; fileRef = 20374B0D9D78B31A61901FEC /* DashboardViewModelTests.swift */; };
		0E95ACAC2722E113B8714D18 /* PermissionService.swift in Sources */ = {isa = PBXBuildFile; fileRef = 684AD2EE499BB8CF7DA3EF85 /* PermissionService.swift */; };
		1009BE3DAD3C51B1E03DC9E3 /* ContentView.swift in Sources */ = {isa = PBXBuildFile; fileRef = 025A13F7C27F4698C2107468 /* ContentView.swift */; };
		103D296980A90E1C4A5C4544 /* FoodPanTests.swift in Sources */ = {isa = PBXBuildFile; fileRef = 6AB5E4F11EBCC377E73420C2 /* FoodPanTests.swift */; };
		137D2C19CB13D7CF515CC649 /* ToastView.swift in Sources */ = {isa = PBXBuildFile; fileRef = 01AB13F06752E26E90964DA7 /* ToastView.swift */; };
		1642A4072F522C8F0022B0A3 /* HouseholdInvite.swift in Sources */ = {isa = PBXBuildFile; fileRef = 1642A4062F522C8F0022B0A3 /* HouseholdInvite.swift */; };
		1642A4082F522C8F0022B0A3 /* HouseholdInvite.swift in Sources */ = {isa = PBXBuildFile; fileRef = 1642A4062F522C8F0022B0A3 /* HouseholdInvite.swift */; };
		1642A4162F522D0E0022B0A3 /* InviteMemberSheet.swift in Sources */ = {isa = PBXBuildFile; fileRef = 1642A4152F522D0E0022B0A3 /* InviteMemberSheet.swift */; };
		173D0BF2AB406789FE5EBFF1 /* Household.swift in Sources */ = {isa = PBXBuildFile; fileRef = 84A8AF89B65679D6416BFCC5 /* Household.swift */; };
		17C6B3A2FBB3CD6B0DB58F57 /* ShoppingRepository.swift in Sources */ = {isa = PBXBuildFile; fileRef = 7B2E1DAE6DCFFD92D0D3ADA9 /* ShoppingRepository.swift */; };
		19D79C80072F134013BEB982 /* FinanceSettings.swift in Sources */ = {isa = PBXBuildFile; fileRef = 0EC66C22CE0F281CE16B8139 /* FinanceSettings.swift */; };
		1BFA79CCE0853624F2680CA7 /* ShoppingListDetailView.swift in Sources */ = {isa = PBXBuildFile; fileRef = 3851729C64BB658487949D11 /* ShoppingListDetailView.swift */; };
		1C9C837F1551C7203F231F56 /* PeriodSnapshot.swift in Sources */ = {isa = PBXBuildFile; fileRef = 1D911F0D72D1AC360795E490 /* PeriodSnapshot.swift */; };
		1DBC09858C8AFE1F3E3B1F96 /* DashboardView.swift in Sources */ = {isa = PBXBuildFile; fileRef = DA061A55AF1439101CCDB046 /* DashboardView.swift */; };
		20A4FEB434968F07C774A39A /* PantryViewModel.swift in Sources */ = {isa = PBXBuildFile; fileRef = 597512DC1EA9FE1E05A397AB /* PantryViewModel.swift */; };
		21D2B768B4C63747F85A8C2A /* BudgetSettingsSheet.swift in Sources */ = {isa = PBXBuildFile; fileRef = 0B6326566C7A49085EEDA815 /* BudgetSettingsSheet.swift */; };
		23BB853B2EFF2CA2CC55FB82 /* ShoppingItemRow.swift in Sources */ = {isa = PBXBuildFile; fileRef = 8E4E127C20AC6E5F0BB6483C /* ShoppingItemRow.swift */; };
		2C39C89FB492125831E8E015 /* ShoppingListsView.swift in Sources */ = {isa = PBXBuildFile; fileRef = 1746078B54AEC1F06870E89B /* ShoppingListsView.swift */; };
		2E8EE0470003443B54062291 /* PantryView.swift in Sources */ = {isa = PBXBuildFile; fileRef = 9F5EBB14C39A04965776DFD5 /* PantryView.swift */; };
		2FD9767FDB604F6314EE1650 /* SyncBanner.swift in Sources */ = {isa = PBXBuildFile; fileRef = F9DDE75050EB6F3B90B83617 /* SyncBanner.swift */; };
		317334A97A2A755CEFCC9F16 /* PantryViewModelTests.swift in Sources */ = {isa = PBXBuildFile; fileRef = 8EB5E4530B2029FF399181B5 /* PantryViewModelTests.swift */; };
		348A18813F04BE0ACB9263A2 /* ExportShareSheet.swift in Sources */ = {isa = PBXBuildFile; fileRef = 8F7BF7EBBBF140A53CCE1C14 /* ExportShareSheet.swift */; };
		37652BB0D6A5DF29954D2AC4 /* CreateHouseholdView.swift in Sources */ = {isa = PBXBuildFile; fileRef = A5ED5228BB3E22B7671D9617 /* CreateHouseholdView.swift */; };
		3B9A8D706042A376AAD4AA29 /* Colors.swift in Sources */ = {isa = PBXBuildFile; fileRef = 70897D365C1FDF1FED24804C /* Colors.swift */; };
		3BFF200F3FE22D5C8ED1EE3A /* PantryReviewView.swift in Sources */ = {isa = PBXBuildFile; fileRef = 7E6D10DA4544CD775F8677A8 /* PantryReviewView.swift */; };
		3F091A98130905468477F4BD /* WelcomeView.swift in Sources */ = {isa = PBXBuildFile; fileRef = EE610C4FADD93B5C09ED9808 /* WelcomeView.swift */; };
		444765412A167F605A002F17 /* GroceryCatalogRepository.swift in Sources */ = {isa = PBXBuildFile; fileRef = C4C7CCA7A963BF6F022D44A8 /* GroceryCatalogRepository.swift */; };
		456E65CC536C113DA199DA47 /* PantryItemRow.swift in Sources */ = {isa = PBXBuildFile; fileRef = 6D563B63A0B260734B60CA5D /* PantryItemRow.swift */; };
		463A90887BB21FFDD6673584 /* Supabase in Frameworks */ = {isa = PBXBuildFile; productRef = 57224A54A29887D44C1FCDBD /* Supabase */; };
		46C88879B91874D4309E7ED7 /* EmailAuthView.swift in Sources */ = {isa = PBXBuildFile; fileRef = 9058DBEE6B61CD67FCFA76F9 /* EmailAuthView.swift */; };
		4AA9FA09DC100E25383703CA /* PantryRepository.swift in Sources */ = {isa = PBXBuildFile; fileRef = CF41C394CD762683586C48C3 /* PantryRepository.swift */; };
		4B2926157BA855597C7480E7 /* MockShoppingListRepository.swift in Sources */ = {isa = PBXBuildFile; fileRef = 19C8F727C85A14BB8E8F2ADA /* MockShoppingListRepository.swift */; };
		4C54182C585B37AA0D554E5F /* PantryItem.swift in Sources */ = {isa = PBXBuildFile; fileRef = CBF068371BAA2DA817FAC3CB /* PantryItem.swift */; };
		5110323300026E5DC76F32AA /* NetworkMonitor.swift in Sources */ = {isa = PBXBuildFile; fileRef = 1991C9C359D3B4D19BE6E729 /* NetworkMonitor.swift */; };
		53AEF34EE59F721DA8BAF5B6 /* AnalyticsEvent.swift in Sources */ = {isa = PBXBuildFile; fileRef = 927E409BC3D40789A81C0CB2 /* AnalyticsEvent.swift */; };
		5BF160BCC7B9D16148C98AFD /* ErrorHandler.swift in Sources */ = {isa = PBXBuildFile; fileRef = 16A17285A8CDA7DA7BF9F9C3 /* ErrorHandler.swift */; };
		5BF44A5D3C3D4A41CD02DBCA /* GroceryCatalogSearchViewModel.swift in Sources */ = {isa = PBXBuildFile; fileRef = 7B8129704D4E0EEFEC32CDFB /* GroceryCatalogSearchViewModel.swift */; };
		5E23F3B7EBE55C302D22DD64 /* MockTransactionRepository.swift in Sources */ = {isa = PBXBuildFile; fileRef = 3654EE83F0C69B0AEC0D63B1 /* MockTransactionRepository.swift */; };
		61D37975F1C013EB50D22DE7 /* AddEditPantryItemViewModel.swift in Sources */ = {isa = PBXBuildFile; fileRef = 08DA04F7516628A308DEF593 /* AddEditPantryItemViewModel.swift */; };
		6297E61C5CA5FF11DA74F41A /* CatalogSearchSheet.swift in Sources */ = {isa = PBXBuildFile; fileRef = 81770F516E12AD09363A23EF /* CatalogSearchSheet.swift */; };
		629DAD02D978630D8F6DFB61 /* SupabaseGroceryCatalogRepository.swift in Sources */ = {isa = PBXBuildFile; fileRef = AF2F49AED7C434C5EE5329F0 /* SupabaseGroceryCatalogRepository.swift */; };
		64E7F4A61DFC46CA8E04FB1C /* ShoppingTrip.swift in Sources */ = {isa = PBXBuildFile; fileRef = 8301E747B6936D1C3069B57F /* ShoppingTrip.swift */; };
		6D5E4F3A2B1C0D9E8F7A6B5C /* AddItemHubViewModel.swift in Sources */ = {isa = PBXBuildFile; fileRef = 8B7A6C5D4E3F2A1B0C9D8E7F /* AddItemHubViewModel.swift */; };
		6FC0401602EA6F68737F6DB3 /* FoodPanApp.swift in Sources */ = {isa = PBXBuildFile; fileRef = ADDBCD3F5E4E00E84F6A6707 /* FoodPanApp.swift */; };
		705FFE4BEE7B22024FF8174C /* GroceryCatalogItem.swift in Sources */ = {isa = PBXBuildFile; fileRef = D23D37E9C2A49CD968B14273 /* GroceryCatalogItem.swift */; };
		71AF3A6852808A0AE02F9E1D /* InsightsView.swift in Sources */ = {isa = PBXBuildFile; fileRef = 616B0B302A21568056AF9C54 /* InsightsView.swift */; };
		7429A83B27268693C0368742 /* FamilyMembersView.swift in Sources */ = {isa = PBXBuildFile; fileRef = 5387BFC61DA46C52CB063442 /* FamilyMembersView.swift */; };
		7487F0492B2A10CF5803A8DE /* TransferConfirmationView.swift in Sources */ = {isa = PBXBuildFile; fileRef = 7DB2FDB7C7BDF521AACDC006 /* TransferConfirmationView.swift */; };
		74B16BC04E9CB5AE0D30C583 /* MockShoppingRepository.swift in Sources */ = {isa = PBXBuildFile; fileRef = 1701C0F6DBABC512AC5A9F93 /* MockShoppingRepository.swift */; };
		74C3B82C3B89CE73CC3E769C /* FinanceViewModel.swift in Sources */ = {isa = PBXBuildFile; fileRef = 1DF5E425AD87A4054847FEAD /* FinanceViewModel.swift */; };
		76BB3CFC90FB15B80202BD84 /* ShoppingListViewModel.swift in Sources */ = {isa = PBXBuildFile; fileRef = 2732519AA6C49A966AF4BC4A /* ShoppingListViewModel.swift */; };
		77AB81CB2EA18B5D3729B51F /* ProfileViewModel.swift in Sources */ = {isa = PBXBuildFile; fileRef = AE9EB7002395F89ACC9E5FDF /* ProfileViewModel.swift */; };
		79276C727043B7362426BB20 /* User.swift in Sources */ = {isa = PBXBuildFile; fileRef = 3FC38EB280443F86CA6A5740 /* User.swift */; };
		7CD47D48FDFDD4FC3AE922BF /* UnitType.swift in Sources */ = {isa = PBXBuildFile; fileRef = C3487F5F27D3F77FF7BEFEF5 /* UnitType.swift */; };
		7D7E72362A17E2F81C17AA3C /* SupabasePantryRepository.swift in Sources */ = {isa = PBXBuildFile; fileRef = FB04A0E1781A186DCBED1B08 /* SupabasePantryRepository.swift */; };
		7F17B8D9DA4A8A5043FA28F0 /* ShoppingListViewModelTests.swift in Sources */ = {isa = PBXBuildFile; fileRef = ABBC2030E74891A84CCF0FCF /* ShoppingListViewModelTests.swift */; };
		8066EE9E49CA48CD49F3067D /* PantryItemTests.swift in Sources */ = {isa = PBXBuildFile; fileRef = 8D9F1332BD945864F74BF85F /* PantryItemTests.swift */; };
		81FD2528D2B5ACF4693B5D2E /* SupabaseManager.swift in Sources */ = {isa = PBXBuildFile; fileRef = 18E6B3943F1AF44FFC539FD7 /* SupabaseManager.swift */; };
		8255FFE8D8232D1E1785FA5D /* DataExportService.swift in Sources */ = {isa = PBXBuildFile; fileRef = 531A4264A72A12AA9E890BAC /* DataExportService.swift */; };
		836C9248271B66AC74A2D5CD /* Transaction.swift in Sources */ = {isa = PBXBuildFile; fileRef = 86B80D1087DF4E695CA308F9 /* Transaction.swift */; };
		87D6E863DE5CB4AF408F4025 /* BarcodeScannerView.swift in Sources */ = {isa = PBXBuildFile; fileRef = 5B35B1B263067487454A9D87 /* BarcodeScannerView.swift */; };
		89334860AD8CAC9517EEA5E8 /* SupabasePeriodSnapshotRepository.swift in Sources */ = {isa = PBXBuildFile; fileRef = B5581EFEF684C73BA5546885 /* SupabasePeriodSnapshotRepository.swift */; };
		8A255C82DDE7E084455B584A /* ShoppingListCard.swift in Sources */ = {isa = PBXBuildFile; fileRef = 439C05567C1F47554CD57E58 /* ShoppingListCard.swift */; };
		8B8338C8992F8EBD67A4E3B9 /* ErrorHandlerTests.swift in Sources */ = {isa = PBXBuildFile; fileRef = 96A1952901496ACDED154B49 /* ErrorHandlerTests.swift */; };
		8C36693AECC72BE8177F3216 /* SupabaseTransactionRepository.swift in Sources */ = {isa = PBXBuildFile; fileRef = 53A1FFC34C0FB159125303FA /* SupabaseTransactionRepository.swift */; };
		907FDD88638D6182A5E8D346 /* ShoppingListRepository.swift in Sources */ = {isa = PBXBuildFile; fileRef = CE797865D8C3779189C69FD9 /* ShoppingListRepository.swift */; };
		913C241C722519FBF0EECF49 /* AuthenticationService.swift in Sources */ = {isa = PBXBuildFile; fileRef = 85AFFB2F628A78139E45AA52 /* AuthenticationService.swift */; };
		941E7C81F321AFA89C64764A /* WasteEventRepository.swift in Sources */ = {isa = PBXBuildFile; fileRef = BE89FC5DDF35CBD6F03980FF /* WasteEventRepository.swift */; };
		94738C3FA9277285A00AAE0D /* Typography.swift in Sources */ = {isa = PBXBuildFile; fileRef = E513535F216E1F48CD0BFD2B /* Typography.swift */; };
		955755681C8F05C7B630DE01 /* MockGroceryCatalogRepository.swift in Sources */ = {isa = PBXBuildFile; fileRef = 06EE402A8D7E4ED0B814CF73 /* MockGroceryCatalogRepository.swift */; };
		98E59C8E5132E4E94BCA51F8 /* ToastManager.swift in Sources */ = {isa = PBXBuildFile; fileRef = E5FD34B16FECDEF87CFE4747 /* ToastManager.swift */; };
		9AF80CFB995DD774E3880230 /* FloatingAddButton.swift in Sources */ = {isa = PBXBuildFile; fileRef = 8A96E15CDC0AD1508ABA1597 /* FloatingAddButton.swift */; };
		9F2F7A73E5B78EECC5ECA3BF /* PrivacyInfo.xcprivacy in Resources */ = {isa = PBXBuildFile; fileRef = 67A951BF66D614D63CBEB9CB /* PrivacyInfo.xcprivacy */; };
		AA27492C4A324D77B09C0AEB /* DashboardViewModel.swift in Sources */ = {isa = PBXBuildFile; fileRef = 4B958E92F5C9A6909B90F8BA /* DashboardViewModel.swift */; };
		AAD7C0306DEF61A573ABFD08 /* PantryReviewViewModel.swift in Sources */ = {isa = PBXBuildFile; fileRef = C7A5B4B3CB4BEA8481401D1C /* PantryReviewViewModel.swift */; };
		AD0AD3F3483E4BCA0EB461BD /* PermissionServiceTests.swift in Sources */ = {isa = PBXBuildFile; fileRef = AA4AD1051E8B68DF54D03410 /* PermissionServiceTests.swift */; };
		AD82CEF6323A3C8CA881FB9E /* TransferViewModel.swift in Sources */ = {isa = PBXBuildFile; fileRef = 522EBB49F8C65F636285E3AD /* TransferViewModel.swift */; };
		AEC7E965EE2DFDC9ABFF713E /* SupabaseShoppingRepository.swift in Sources */ = {isa = PBXBuildFile; fileRef = 11DDEE80D32D06E6955E8D99 /* SupabaseShoppingRepository.swift */; };
		ANALYT1CS000000000000001 /* AnalyticsCard.swift in Sources */ = {isa = PBXBuildFile; fileRef = ANALYT1CS000000000000002 /* AnalyticsCard.swift */; };
		B18A635C1BE836956D0704A8 /* AddFirstItemView.swift in Sources */ = {isa = PBXBuildFile; fileRef = E6ACAF63CB115D11BA9D8937 /* AddFirstItemView.swift */; };
		B5A37AD3B9EBDADEB0414C98 /* AppErrorTests.swift in Sources */ = {isa = PBXBuildFile; fileRef = 9F57B8E64FA467B37A49D47A /* AppErrorTests.swift */; };
		B69D563C719DAC94A2E620E0 /* TransactionRepository.swift in Sources */ = {isa = PBXBuildFile; fileRef = 76CDCC8A46D77749C609EA0C /* TransactionRepository.swift */; };
		B6C1867F1E8E20104CD51FFD /* SupabaseFinanceSettingsRepository.swift in Sources */ = {isa = PBXBuildFile; fileRef = A9B0AB09E33E7A69B327C79E /* SupabaseFinanceSettingsRepository.swift */; };
		B6EDDAE8134C2A84A4519A70 /* FinancialServiceTests.swift in Sources */ = {isa = PBXBuildFile; fileRef = 564B394912E11B3D6A1FA1C5 /* FinancialServiceTests.swift */; };
		B7D053609A44BF5A357C1418 /* AppError.swift in Sources */ = {isa = PBXBuildFile; fileRef = 81771860FB7F819E7EAF4DAC /* AppError.swift */; };
		B9AA999A869DD64703FEEBC0 /* FinanceSettingsRepository.swift in Sources */ = {isa = PBXBuildFile; fileRef = 9ABD43FA53BFC27D5A2AB8CB /* FinanceSettingsRepository.swift */; };
		BB923F01FDDBFFB7B7879D1C /* ExpiryCalendarView.swift in Sources */ = {isa = PBXBuildFile; fileRef = 5F8D686893916FF2DA727B99 /* ExpiryCalendarView.swift */; };
		BC7181C3C68E1254EE5897CD /* ShoppingItem.swift in Sources */ = {isa = PBXBuildFile; fileRef = B8429EE752D681BB1C12FA85 /* ShoppingItem.swift */; };
		BE16D7C4CBCDFD50CE327817 /* ShoppingListsViewModelTests.swift in Sources */ = {isa = PBXBuildFile; fileRef = 158B0554D32445E1BB425DF6 /* ShoppingListsViewModelTests.swift */; };
		BFD93BCDB77C103C9BC2392D /* AddEditPantryItemView.swift in Sources */ = {isa = PBXBuildFile; fileRef = B3A165429878F84DE63084BC /* AddEditPantryItemView.swift */; };
		C25CFB3E4D2058168E4F001A /* SupabaseShoppingListRepository.swift in Sources */ = {isa = PBXBuildFile; fileRef = C0EDD847663E63353382C0AC /* SupabaseShoppingListRepository.swift */; };
		C2B835496AF468EE9BF92F97 /* NotificationService.swift in Sources */ = {isa = PBXBuildFile; fileRef = EA7C3E2358381143A1F19AAD /* NotificationService.swift */; };
		C509289EE70A0C0B859F6DAB /* FinancialService.swift in Sources */ = {isa = PBXBuildFile; fileRef = 4E8C60FC3ED6848489B9B1C4 /* FinancialService.swift */; };
		C635A714C9FA512969F16481 /* ValidationErrorText.swift in Sources */ = {isa = PBXBuildFile; fileRef = 216FAB78AB1C3B9FCAE421F7 /* ValidationErrorText.swift */; };
		C6B288BFD864346DC8E376DD /* CurrencyFormatterTests.swift in Sources */ = {isa = PBXBuildFile; fileRef = 1439D7F0BA0A4F773D3449AD /* CurrencyFormatterTests.swift */; };
		C8AFB3A02F901AB13EA20850 /* NetworkRetry.swift in Sources */ = {isa = PBXBuildFile; fileRef = 9627FBDD622458731835AAB9 /* NetworkRetry.swift */; };
		CC388AADBF0C0586C40980D1 /* ProfileView.swift in Sources */ = {isa = PBXBuildFile; fileRef = 016F1DED007105D3BB0CFEB0 /* ProfileView.swift */; };
		CE1F97D4D18151BC4102D661 /* Spacing.swift in Sources */ = {isa = PBXBuildFile; fileRef = 8995E7D542FCFC1E4E95E3DD /* Spacing.swift */; };
		CFC6E0A5CC59BF34A480B0CD /* GroceryCatalogSearchViewModelTests.swift in Sources */ = {isa = PBXBuildFile; fileRef = BB1F0F81AFB88968618BF80D /* GroceryCatalogSearchViewModelTests.swift */; };
		CUST0M1Z3ANALYT1CS000001 /* CustomizeAnalyticsSheet.swift in Sources */ = {isa = PBXBuildFile; fileRef = CUST0M1Z3ANALYT1CS000002 /* CustomizeAnalyticsSheet.swift */; };
		D0952A5D8B03727E117D95F7 /* SupabaseShoppingTripRepository.swift in Sources */ = {isa = PBXBuildFile; fileRef = 2484E99457E3A3B323F66D96 /* SupabaseShoppingTripRepository.swift */; };
		D361D9DE43EA5C5692E1097B /* MockPantryRepository.swift in Sources */ = {isa = PBXBuildFile; fileRef = 5AF3091705CF38DF9A2F7921 /* MockPantryRepository.swift */; };
		D441903E4D5B38DEEE132E66 /* ShoppingTripRepository.swift in Sources */ = {isa = PBXBuildFile; fileRef = 2E44D94A8AEE39F8EDDBFF6D /* ShoppingTripRepository.swift */; };
		D54F4796EA566BBFFB08A9E1 /* WasteEvent.swift in Sources */ = {isa = PBXBuildFile; fileRef = 0B055A7FD1BC49579924AB2C /* WasteEvent.swift */; };
		D5C2196FB95AE963280C67D4 /* InsightsViewModel.swift in Sources */ = {isa = PBXBuildFile; fileRef = 3802655F822E28099BEE9AA6 /* InsightsViewModel.swift */; };
		D8FE3C0DD5AE92B609387670 /* CurrencyFormatter.swift in Sources */ = {isa = PBXBuildFile; fileRef = F6E89EE1FE136C33F911979F /* CurrencyFormatter.swift */; };
		D9BCD82786375E2FD78C47DE /* SupabaseWasteEventRepository.swift in Sources */ = {isa = PBXBuildFile; fileRef = E1EBA42BC70AFA9004CAE0F1 /* SupabaseWasteEventRepository.swift */; };
		DC611328EB7DC5A7957D8304 /* ShoppingListsViewModel.swift in Sources */ = {isa = PBXBuildFile; fileRef = 8D83762AD2AE55F0346CEF85 /* ShoppingListsViewModel.swift */; };
		E043D1F44765CFA0DF0DD931 /* TrackingService.swift in Sources */ = {isa = PBXBuildFile; fileRef = F13D12972E85792D23DE362F /* TrackingService.swift */; };
		E98B06871F0B613CA1D33A95 /* HouseholdService.swift in Sources */ = {isa = PBXBuildFile; fileRef = 9C074B0819D0BFBC9DA3C833 /* HouseholdService.swift */; };
		EDC145BA6FC36836EB812B70 /* PeriodSnapshotRepository.swift in Sources */ = {isa = PBXBuildFile; fileRef = 890852995B6776C9B879C3FD /* PeriodSnapshotRepository.swift */; };
		EE4923AAA966DF070651F695 /* ShoppingList.swift in Sources */ = {isa = PBXBuildFile; fileRef = DE127CF615A8C4AD9E84EE66 /* ShoppingList.swift */; };
		F1E2A3B4C5D6E7F8A9B0C1D2 /* FeatureOnboardingView.swift in Sources */ = {isa = PBXBuildFile; fileRef = F5E4A3B2C1D0E9F8A7B6C5D4 /* FeatureOnboardingView.swift */; };
		F2051B4D6E0708483068BFE4 /* CreateShoppingListSheet.swift in Sources */ = {isa = PBXBuildFile; fileRef = BEEEBA4E121AC3C88D37A4BB /* CreateShoppingListSheet.swift */; };
		F5E4D3C2B1A0F9E8D7C6B5A4 /* AddItemHubSheet.swift in Sources */ = {isa = PBXBuildFile; fileRef = A1B2C3D4E5F67890ABCDEF01 /* AddItemHubSheet.swift */; };
		FC500D1E980481AB0AEF5C3A /* Assets.xcassets in Resources */ = {isa = PBXBuildFile; fileRef = 639B537F803AE7CA6083E50B /* Assets.xcassets */; };
		FD45EB59E7C227735021BA8E /* OpenFoodFactsService.swift in Sources */ = {isa = PBXBuildFile; fileRef = 236B76197BBCF8A2E9A731F7 /* OpenFoodFactsService.swift */; };
		G00GL3S1GN1N000000000002 /* GoogleSignIn in Frameworks */ = {isa = PBXBuildFile; productRef = G00GL3S1GN1N000000000003 /* GoogleSignIn */; };
		L0GPURCHAS3SH33T00000001 /* LogPurchaseSheet.swift in Sources */ = {isa = PBXBuildFile; fileRef = L0GPURCHAS3SH33T00000002 /* LogPurchaseSheet.swift */; };
		S1ETT1NGSV1EW0001 /* SettingsView.swift in Sources */ = {isa = PBXBuildFile; fileRef = S1ETT1NGSV1EW0002 /* SettingsView.swift */; };
		S1ETT1NGSV1EW0003 /* FAQView.swift in Sources */ = {isa = PBXBuildFile; fileRef = S1ETT1NGSV1EW0004 /* FAQView.swift */; };
		S1ETT1NGSV1EW0005 /* AboutView.swift in Sources */ = {isa = PBXBuildFile; fileRef = S1ETT1NGSV1EW0006 /* AboutView.swift */; };
		S1ETT1NGSV1EW0007 /* TermsView.swift in Sources */ = {isa = PBXBuildFile; fileRef = S1ETT1NGSV1EW0008 /* TermsView.swift */; };
		S1ETT1NGSV1EW0009 /* PrivacyView.swift in Sources */ = {isa = PBXBuildFile; fileRef = S1ETT1NGSV1EW0010 /* PrivacyView.swift */; };
		SHADOW0010000000000001 /* Shadow.swift in Sources */ = {isa = PBXBuildFile; fileRef = SHADOW0010000000000002 /* Shadow.swift */; };
/* End PBXBuildFile section */

/* Begin PBXContainerItemProxy section */
		97235718C75B7E5D11F458B6 /* PBXContainerItemProxy */ = {
			isa = PBXContainerItemProxy;
			containerPortal = EC5D466EA8E1FA68FFA13248 /* Project object */;
			proxyType = 1;
			remoteGlobalIDString = 91DF31A09775843BAE2C2FCC;
			remoteInfo = FoodPan;
		};
/* End PBXContainerItemProxy section */

/* Begin PBXFileReference section */
		016F1DED007105D3BB0CFEB0 /* ProfileView.swift */ = {isa = PBXFileReference; lastKnownFileType = sourcecode.swift; path = ProfileView.swift; sourceTree = "<group>"; };
		01AB13F06752E26E90964DA7 /* ToastView.swift */ = {isa = PBXFileReference; includeInIndex = 1; lastKnownFileType = sourcecode.swift; path = ToastView.swift; sourceTree = "<group>"; };
		025A13F7C27F4698C2107468 /* ContentView.swift */ = {isa = PBXFileReference; lastKnownFileType = sourcecode.swift; path = ContentView.swift; sourceTree = "<group>"; };
		06EE402A8D7E4ED0B814CF73 /* MockGroceryCatalogRepository.swift */ = {isa = PBXFileReference; lastKnownFileType = sourcecode.swift; path = MockGroceryCatalogRepository.swift; sourceTree = "<group>"; };
		08DA04F7516628A308DEF593 /* AddEditPantryItemViewModel.swift */ = {isa = PBXFileReference; lastKnownFileType = sourcecode.swift; path = AddEditPantryItemViewModel.swift; sourceTree = "<group>"; };
		0B055A7FD1BC49579924AB2C /* WasteEvent.swift */ = {isa = PBXFileReference; includeInIndex = 1; lastKnownFileType = sourcecode.swift; path = WasteEvent.swift; sourceTree = "<group>"; };
		0B6326566C7A49085EEDA815 /* BudgetSettingsSheet.swift */ = {isa = PBXFileReference; includeInIndex = 1; lastKnownFileType = sourcecode.swift; path = BudgetSettingsSheet.swift; sourceTree = "<group>"; };
		0EC66C22CE0F281CE16B8139 /* FinanceSettings.swift */ = {isa = PBXFileReference; includeInIndex = 1; lastKnownFileType = sourcecode.swift; path = FinanceSettings.swift; sourceTree = "<group>"; };
		11DDEE80D32D06E6955E8D99 /* SupabaseShoppingRepository.swift */ = {isa = PBXFileReference; lastKnownFileType = sourcecode.swift; path = SupabaseShoppingRepository.swift; sourceTree = "<group>"; };
		142A90099159C4AE34F95EDE /* .gitkeep */ = {isa = PBXFileReference; lastKnownFileType = text; path = .gitkeep; sourceTree = "<group>"; };
		1439D7F0BA0A4F773D3449AD /* CurrencyFormatterTests.swift */ = {isa = PBXFileReference; lastKnownFileType = sourcecode.swift; path = CurrencyFormatterTests.swift; sourceTree = "<group>"; };
		158B0554D32445E1BB425DF6 /* ShoppingListsViewModelTests.swift */ = {isa = PBXFileReference; lastKnownFileType = sourcecode.swift; path = ShoppingListsViewModelTests.swift; sourceTree = "<group>"; };
		1642A4062F522C8F0022B0A3 /* HouseholdInvite.swift */ = {isa = PBXFileReference; lastKnownFileType = sourcecode.swift; path = HouseholdInvite.swift; sourceTree = "<group>"; };
		1642A4152F522D0E0022B0A3 /* InviteMemberSheet.swift */ = {isa = PBXFileReference; lastKnownFileType = sourcecode.swift; path = InviteMemberSheet.swift; sourceTree = "<group>"; };
		16A17285A8CDA7DA7BF9F9C3 /* ErrorHandler.swift */ = {isa = PBXFileReference; lastKnownFileType = sourcecode.swift; path = ErrorHandler.swift; sourceTree = "<group>"; };
		1701C0F6DBABC512AC5A9F93 /* MockShoppingRepository.swift */ = {isa = PBXFileReference; lastKnownFileType = sourcecode.swift; path = MockShoppingRepository.swift; sourceTree = "<group>"; };
		1746078B54AEC1F06870E89B /* ShoppingListsView.swift */ = {isa = PBXFileReference; lastKnownFileType = sourcecode.swift; path = ShoppingListsView.swift; sourceTree = "<group>"; };
		18E6B3943F1AF44FFC539FD7 /* SupabaseManager.swift */ = {isa = PBXFileReference; lastKnownFileType = sourcecode.swift; path = SupabaseManager.swift; sourceTree = "<group>"; };
		1991C9C359D3B4D19BE6E729 /* NetworkMonitor.swift */ = {isa = PBXFileReference; includeInIndex = 1; lastKnownFileType = sourcecode.swift; path = NetworkMonitor.swift; sourceTree = "<group>"; };
		19C8F727C85A14BB8E8F2ADA /* MockShoppingListRepository.swift */ = {isa = PBXFileReference; lastKnownFileType = sourcecode.swift; path = MockShoppingListRepository.swift; sourceTree = "<group>"; };
		1D911F0D72D1AC360795E490 /* PeriodSnapshot.swift */ = {isa = PBXFileReference; includeInIndex = 1; lastKnownFileType = sourcecode.swift; path = PeriodSnapshot.swift; sourceTree = "<group>"; };
		1DF5E425AD87A4054847FEAD /* FinanceViewModel.swift */ = {isa = PBXFileReference; includeInIndex = 1; lastKnownFileType = sourcecode.swift; path = FinanceViewModel.swift; sourceTree = "<group>"; };
		20374B0D9D78B31A61901FEC /* DashboardViewModelTests.swift */ = {isa = PBXFileReference; lastKnownFileType = sourcecode.swift; path = DashboardViewModelTests.swift; sourceTree = "<group>"; };
		216FAB78AB1C3B9FCAE421F7 /* ValidationErrorText.swift */ = {isa = PBXFileReference; lastKnownFileType = sourcecode.swift; path = ValidationErrorText.swift; sourceTree = "<group>"; };
		236B76197BBCF8A2E9A731F7 /* OpenFoodFactsService.swift */ = {isa = PBXFileReference; includeInIndex = 1; lastKnownFileType = sourcecode.swift; path = OpenFoodFactsService.swift; sourceTree = "<group>"; };
		2484E99457E3A3B323F66D96 /* SupabaseShoppingTripRepository.swift */ = {isa = PBXFileReference; includeInIndex = 1; lastKnownFileType = sourcecode.swift; path = SupabaseShoppingTripRepository.swift; sourceTree = "<group>"; };
		2732519AA6C49A966AF4BC4A /* ShoppingListViewModel.swift */ = {isa = PBXFileReference; lastKnownFileType = sourcecode.swift; path = ShoppingListViewModel.swift; sourceTree = "<group>"; };
		291E6AB859CA88E4896910D8 /* FoodPan.app */ = {isa = PBXFileReference; explicitFileType = wrapper.application; includeInIndex = 0; path = FoodPan.app; sourceTree = BUILT_PRODUCTS_DIR; };
		2E44D94A8AEE39F8EDDBFF6D /* ShoppingTripRepository.swift */ = {isa = PBXFileReference; includeInIndex = 1; lastKnownFileType = sourcecode.swift; path = ShoppingTripRepository.swift; sourceTree = "<group>"; };
		3654EE83F0C69B0AEC0D63B1 /* MockTransactionRepository.swift */ = {isa = PBXFileReference; lastKnownFileType = sourcecode.swift; path = MockTransactionRepository.swift; sourceTree = "<group>"; };
		3802655F822E28099BEE9AA6 /* InsightsViewModel.swift */ = {isa = PBXFileReference; lastKnownFileType = sourcecode.swift; path = InsightsViewModel.swift; sourceTree = "<group>"; };
		3851729C64BB658487949D11 /* ShoppingListDetailView.swift */ = {isa = PBXFileReference; lastKnownFileType = sourcecode.swift; path = ShoppingListDetailView.swift; sourceTree = "<group>"; };
		3AF1DE35BB4697A4FB064F97 /* FoodPanTests.xctest */ = {isa = PBXFileReference; explicitFileType = wrapper.cfbundle; includeInIndex = 0; path = FoodPanTests.xctest; sourceTree = BUILT_PRODUCTS_DIR; };
		3D9EE8EEF7B974790089CA2F /* .gitkeep */ = {isa = PBXFileReference; lastKnownFileType = text; path = .gitkeep; sourceTree = "<group>"; };
		3FC38EB280443F86CA6A5740 /* User.swift */ = {isa = PBXFileReference; lastKnownFileType = sourcecode.swift; path = User.swift; sourceTree = "<group>"; };
		439C05567C1F47554CD57E58 /* ShoppingListCard.swift */ = {isa = PBXFileReference; lastKnownFileType = sourcecode.swift; path = ShoppingListCard.swift; sourceTree = "<group>"; };
		4B958E92F5C9A6909B90F8BA /* DashboardViewModel.swift */ = {isa = PBXFileReference; lastKnownFileType = sourcecode.swift; path = DashboardViewModel.swift; sourceTree = "<group>"; };
		4E8C60FC3ED6848489B9B1C4 /* FinancialService.swift */ = {isa = PBXFileReference; lastKnownFileType = sourcecode.swift; path = FinancialService.swift; sourceTree = "<group>"; };
		522EBB49F8C65F636285E3AD /* TransferViewModel.swift */ = {isa = PBXFileReference; lastKnownFileType = sourcecode.swift; path = TransferViewModel.swift; sourceTree = "<group>"; };
		531A4264A72A12AA9E890BAC /* DataExportService.swift */ = {isa = PBXFileReference; includeInIndex = 1; lastKnownFileType = sourcecode.swift; path = DataExportService.swift; sourceTree = "<group>"; };
		5387BFC61DA46C52CB063442 /* FamilyMembersView.swift */ = {isa = PBXFileReference; lastKnownFileType = sourcecode.swift; path = FamilyMembersView.swift; sourceTree = "<group>"; };
		53A1FFC34C0FB159125303FA /* SupabaseTransactionRepository.swift */ = {isa = PBXFileReference; lastKnownFileType = sourcecode.swift; path = SupabaseTransactionRepository.swift; sourceTree = "<group>"; };
		564B394912E11B3D6A1FA1C5 /* FinancialServiceTests.swift */ = {isa = PBXFileReference; lastKnownFileType = sourcecode.swift; path = FinancialServiceTests.swift; sourceTree = "<group>"; };
		597512DC1EA9FE1E05A397AB /* PantryViewModel.swift */ = {isa = PBXFileReference; lastKnownFileType = sourcecode.swift; path = PantryViewModel.swift; sourceTree = "<group>"; };
		5AF3091705CF38DF9A2F7921 /* MockPantryRepository.swift */ = {isa = PBXFileReference; lastKnownFileType = sourcecode.swift; path = MockPantryRepository.swift; sourceTree = "<group>"; };
		5B35B1B263067487454A9D87 /* BarcodeScannerView.swift */ = {isa = PBXFileReference; includeInIndex = 1; lastKnownFileType = sourcecode.swift; path = BarcodeScannerView.swift; sourceTree = "<group>"; };
		5F8D686893916FF2DA727B99 /* ExpiryCalendarView.swift */ = {isa = PBXFileReference; includeInIndex = 1; lastKnownFileType = sourcecode.swift; path = ExpiryCalendarView.swift; sourceTree = "<group>"; };
		616B0B302A21568056AF9C54 /* InsightsView.swift */ = {isa = PBXFileReference; lastKnownFileType = sourcecode.swift; path = InsightsView.swift; sourceTree = "<group>"; };
		639A4B90FF520F79C9C68CD7 /* FoodPan.entitlements */ = {isa = PBXFileReference; lastKnownFileType = text.plist.entitlements; path = FoodPan.entitlements; sourceTree = "<group>"; };
		639B537F803AE7CA6083E50B /* Assets.xcassets */ = {isa = PBXFileReference; lastKnownFileType = folder.assetcatalog; path = Assets.xcassets; sourceTree = "<group>"; };
		67A951BF66D614D63CBEB9CB /* PrivacyInfo.xcprivacy */ = {isa = PBXFileReference; includeInIndex = 1; path = PrivacyInfo.xcprivacy; sourceTree = "<group>"; };
		684AD2EE499BB8CF7DA3EF85 /* PermissionService.swift */ = {isa = PBXFileReference; lastKnownFileType = sourcecode.swift; path = PermissionService.swift; sourceTree = "<group>"; };
		6AB5E4F11EBCC377E73420C2 /* FoodPanTests.swift */ = {isa = PBXFileReference; lastKnownFileType = sourcecode.swift; path = FoodPanTests.swift; sourceTree = "<group>"; };
		6D563B63A0B260734B60CA5D /* PantryItemRow.swift */ = {isa = PBXFileReference; lastKnownFileType = sourcecode.swift; path = PantryItemRow.swift; sourceTree = "<group>"; };
		70897D365C1FDF1FED24804C /* Colors.swift */ = {isa = PBXFileReference; lastKnownFileType = sourcecode.swift; path = Colors.swift; sourceTree = "<group>"; };
		76CDCC8A46D77749C609EA0C /* TransactionRepository.swift */ = {isa = PBXFileReference; lastKnownFileType = sourcecode.swift; path = TransactionRepository.swift; sourceTree = "<group>"; };
		7B2E1DAE6DCFFD92D0D3ADA9 /* ShoppingRepository.swift */ = {isa = PBXFileReference; lastKnownFileType = sourcecode.swift; path = ShoppingRepository.swift; sourceTree = "<group>"; };
		7B8129704D4E0EEFEC32CDFB /* GroceryCatalogSearchViewModel.swift */ = {isa = PBXFileReference; lastKnownFileType = sourcecode.swift; path = GroceryCatalogSearchViewModel.swift; sourceTree = "<group>"; };
		7DB2FDB7C7BDF521AACDC006 /* TransferConfirmationView.swift */ = {isa = PBXFileReference; lastKnownFileType = sourcecode.swift; path = TransferConfirmationView.swift; sourceTree = "<group>"; };
		7E6D10DA4544CD775F8677A8 /* PantryReviewView.swift */ = {isa = PBXFileReference; includeInIndex = 1; lastKnownFileType = sourcecode.swift; path = PantryReviewView.swift; sourceTree = "<group>"; };
		81770F516E12AD09363A23EF /* CatalogSearchSheet.swift */ = {isa = PBXFileReference; lastKnownFileType = sourcecode.swift; path = CatalogSearchSheet.swift; sourceTree = "<group>"; };
		81771860FB7F819E7EAF4DAC /* AppError.swift */ = {isa = PBXFileReference; lastKnownFileType = sourcecode.swift; path = AppError.swift; sourceTree = "<group>"; };
		8301E747B6936D1C3069B57F /* ShoppingTrip.swift */ = {isa = PBXFileReference; includeInIndex = 1; lastKnownFileType = sourcecode.swift; path = ShoppingTrip.swift; sourceTree = "<group>"; };
		84A8AF89B65679D6416BFCC5 /* Household.swift */ = {isa = PBXFileReference; lastKnownFileType = sourcecode.swift; path = Household.swift; sourceTree = "<group>"; };
		85AFFB2F628A78139E45AA52 /* AuthenticationService.swift */ = {isa = PBXFileReference; lastKnownFileType = sourcecode.swift; path = AuthenticationService.swift; sourceTree = "<group>"; };
		86B80D1087DF4E695CA308F9 /* Transaction.swift */ = {isa = PBXFileReference; lastKnownFileType = sourcecode.swift; path = Transaction.swift; sourceTree = "<group>"; };
		88E9B5C49385CC369124DE7B /* .gitkeep */ = {isa = PBXFileReference; lastKnownFileType = text; path = .gitkeep; sourceTree = "<group>"; };
		890852995B6776C9B879C3FD /* PeriodSnapshotRepository.swift */ = {isa = PBXFileReference; includeInIndex = 1; lastKnownFileType = sourcecode.swift; path = PeriodSnapshotRepository.swift; sourceTree = "<group>"; };
		8995E7D542FCFC1E4E95E3DD /* Spacing.swift */ = {isa = PBXFileReference; lastKnownFileType = sourcecode.swift; path = Spacing.swift; sourceTree = "<group>"; };
		8A96E15CDC0AD1508ABA1597 /* FloatingAddButton.swift */ = {isa = PBXFileReference; lastKnownFileType = sourcecode.swift; path = FloatingAddButton.swift; sourceTree = "<group>"; };
		8B7A6C5D4E3F2A1B0C9D8E7F /* AddItemHubViewModel.swift */ = {isa = PBXFileReference; lastKnownFileType = sourcecode.swift; path = AddItemHubViewModel.swift; sourceTree = "<group>"; };
		8D83762AD2AE55F0346CEF85 /* ShoppingListsViewModel.swift */ = {isa = PBXFileReference; lastKnownFileType = sourcecode.swift; path = ShoppingListsViewModel.swift; sourceTree = "<group>"; };
		8D9F1332BD945864F74BF85F /* PantryItemTests.swift */ = {isa = PBXFileReference; lastKnownFileType = sourcecode.swift; path = PantryItemTests.swift; sourceTree = "<group>"; };
		8E4E127C20AC6E5F0BB6483C /* ShoppingItemRow.swift */ = {isa = PBXFileReference; lastKnownFileType = sourcecode.swift; path = ShoppingItemRow.swift; sourceTree = "<group>"; };
		8EB5E4530B2029FF399181B5 /* PantryViewModelTests.swift */ = {isa = PBXFileReference; lastKnownFileType = sourcecode.swift; path = PantryViewModelTests.swift; sourceTree = "<group>"; };
		8F7BF7EBBBF140A53CCE1C14 /* ExportShareSheet.swift */ = {isa = PBXFileReference; includeInIndex = 1; lastKnownFileType = sourcecode.swift; path = ExportShareSheet.swift; sourceTree = "<group>"; };
		9058DBEE6B61CD67FCFA76F9 /* EmailAuthView.swift */ = {isa = PBXFileReference; lastKnownFileType = sourcecode.swift; path = EmailAuthView.swift; sourceTree = "<group>"; };
		927E409BC3D40789A81C0CB2 /* AnalyticsEvent.swift */ = {isa = PBXFileReference; lastKnownFileType = sourcecode.swift; path = AnalyticsEvent.swift; sourceTree = "<group>"; };
		9627FBDD622458731835AAB9 /* NetworkRetry.swift */ = {isa = PBXFileReference; includeInIndex = 1; lastKnownFileType = sourcecode.swift; path = NetworkRetry.swift; sourceTree = "<group>"; };
		96A1952901496ACDED154B49 /* ErrorHandlerTests.swift */ = {isa = PBXFileReference; lastKnownFileType = sourcecode.swift; path = ErrorHandlerTests.swift; sourceTree = "<group>"; };
		9ABD43FA53BFC27D5A2AB8CB /* FinanceSettingsRepository.swift */ = {isa = PBXFileReference; includeInIndex = 1; lastKnownFileType = sourcecode.swift; path = FinanceSettingsRepository.swift; sourceTree = "<group>"; };
		9C074B0819D0BFBC9DA3C833 /* HouseholdService.swift */ = {isa = PBXFileReference; lastKnownFileType = sourcecode.swift; path = HouseholdService.swift; sourceTree = "<group>"; };
		9F57B8E64FA467B37A49D47A /* AppErrorTests.swift */ = {isa = PBXFileReference; lastKnownFileType = sourcecode.swift; path = AppErrorTests.swift; sourceTree = "<group>"; };
		9F5EBB14C39A04965776DFD5 /* PantryView.swift */ = {isa = PBXFileReference; lastKnownFileType = sourcecode.swift; path = PantryView.swift; sourceTree = "<group>"; };
		A1B2C3D4E5F67890ABCDEF01 /* AddItemHubSheet.swift */ = {isa = PBXFileReference; lastKnownFileType = sourcecode.swift; path = AddItemHubSheet.swift; sourceTree = "<group>"; };
		A5ED5228BB3E22B7671D9617 /* CreateHouseholdView.swift */ = {isa = PBXFileReference; lastKnownFileType = sourcecode.swift; path = CreateHouseholdView.swift; sourceTree = "<group>"; };
		A649A7C2E6B6982F7ABB83F0 /* .gitkeep */ = {isa = PBXFileReference; lastKnownFileType = text; path = .gitkeep; sourceTree = "<group>"; };
		A9B0AB09E33E7A69B327C79E /* SupabaseFinanceSettingsRepository.swift */ = {isa = PBXFileReference; includeInIndex = 1; lastKnownFileType = sourcecode.swift; path = SupabaseFinanceSettingsRepository.swift; sourceTree = "<group>"; };
		AA4AD1051E8B68DF54D03410 /* PermissionServiceTests.swift */ = {isa = PBXFileReference; lastKnownFileType = sourcecode.swift; path = PermissionServiceTests.swift; sourceTree = "<group>"; };
		ABBC2030E74891A84CCF0FCF /* ShoppingListViewModelTests.swift */ = {isa = PBXFileReference; lastKnownFileType = sourcecode.swift; path = ShoppingListViewModelTests.swift; sourceTree = "<group>"; };
		ADDBCD3F5E4E00E84F6A6707 /* FoodPanApp.swift */ = {isa = PBXFileReference; lastKnownFileType = sourcecode.swift; path = FoodPanApp.swift; sourceTree = "<group>"; };
		AE9EB7002395F89ACC9E5FDF /* ProfileViewModel.swift */ = {isa = PBXFileReference; lastKnownFileType = sourcecode.swift; path = ProfileViewModel.swift; sourceTree = "<group>"; };
		AF2F49AED7C434C5EE5329F0 /* SupabaseGroceryCatalogRepository.swift */ = {isa = PBXFileReference; lastKnownFileType = sourcecode.swift; path = SupabaseGroceryCatalogRepository.swift; sourceTree = "<group>"; };
		ANALYT1CS000000000000002 /* AnalyticsCard.swift */ = {isa = PBXFileReference; lastKnownFileType = sourcecode.swift; path = AnalyticsCard.swift; sourceTree = "<group>"; };
		B3A165429878F84DE63084BC /* AddEditPantryItemView.swift */ = {isa = PBXFileReference; lastKnownFileType = sourcecode.swift; path = AddEditPantryItemView.swift; sourceTree = "<group>"; };
		B5581EFEF684C73BA5546885 /* SupabasePeriodSnapshotRepository.swift */ = {isa = PBXFileReference; includeInIndex = 1; lastKnownFileType = sourcecode.swift; path = SupabasePeriodSnapshotRepository.swift; sourceTree = "<group>"; };
		B8429EE752D681BB1C12FA85 /* ShoppingItem.swift */ = {isa = PBXFileReference; lastKnownFileType = sourcecode.swift; path = ShoppingItem.swift; sourceTree = "<group>"; };
		BB1F0F81AFB88968618BF80D /* GroceryCatalogSearchViewModelTests.swift */ = {isa = PBXFileReference; lastKnownFileType = sourcecode.swift; path = GroceryCatalogSearchViewModelTests.swift; sourceTree = "<group>"; };
		BE89FC5DDF35CBD6F03980FF /* WasteEventRepository.swift */ = {isa = PBXFileReference; includeInIndex = 1; lastKnownFileType = sourcecode.swift; path = WasteEventRepository.swift; sourceTree = "<group>"; };
		BEEEBA4E121AC3C88D37A4BB /* CreateShoppingListSheet.swift */ = {isa = PBXFileReference; lastKnownFileType = sourcecode.swift; path = CreateShoppingListSheet.swift; sourceTree = "<group>"; };
		C0EDD847663E63353382C0AC /* SupabaseShoppingListRepository.swift */ = {isa = PBXFileReference; lastKnownFileType = sourcecode.swift; path = SupabaseShoppingListRepository.swift; sourceTree = "<group>"; };
		C3487F5F27D3F77FF7BEFEF5 /* UnitType.swift */ = {isa = PBXFileReference; lastKnownFileType = sourcecode.swift; path = UnitType.swift; sourceTree = "<group>"; };
		C4C7CCA7A963BF6F022D44A8 /* GroceryCatalogRepository.swift */ = {isa = PBXFileReference; lastKnownFileType = sourcecode.swift; path = GroceryCatalogRepository.swift; sourceTree = "<group>"; };
		C7A5B4B3CB4BEA8481401D1C /* PantryReviewViewModel.swift */ = {isa = PBXFileReference; includeInIndex = 1; lastKnownFileType = sourcecode.swift; path = PantryReviewViewModel.swift; sourceTree = "<group>"; };
		CBF068371BAA2DA817FAC3CB /* PantryItem.swift */ = {isa = PBXFileReference; lastKnownFileType = sourcecode.swift; path = PantryItem.swift; sourceTree = "<group>"; };
		CE797865D8C3779189C69FD9 /* ShoppingListRepository.swift */ = {isa = PBXFileReference; lastKnownFileType = sourcecode.swift; path = ShoppingListRepository.swift; sourceTree = "<group>"; };
		CF41C394CD762683586C48C3 /* PantryRepository.swift */ = {isa = PBXFileReference; lastKnownFileType = sourcecode.swift; path = PantryRepository.swift; sourceTree = "<group>"; };
		CUST0M1Z3ANALYT1CS000002 /* CustomizeAnalyticsSheet.swift */ = {isa = PBXFileReference; lastKnownFileType = sourcecode.swift; path = CustomizeAnalyticsSheet.swift; sourceTree = "<group>"; };
		D23D37E9C2A49CD968B14273 /* GroceryCatalogItem.swift */ = {isa = PBXFileReference; lastKnownFileType = sourcecode.swift; path = GroceryCatalogItem.swift; sourceTree = "<group>"; };
		DA061A55AF1439101CCDB046 /* DashboardView.swift */ = {isa = PBXFileReference; lastKnownFileType = sourcecode.swift; path = DashboardView.swift; sourceTree = "<group>"; };
		DE127CF615A8C4AD9E84EE66 /* ShoppingList.swift */ = {isa = PBXFileReference; lastKnownFileType = sourcecode.swift; path = ShoppingList.swift; sourceTree = "<group>"; };
		E1EBA42BC70AFA9004CAE0F1 /* SupabaseWasteEventRepository.swift */ = {isa = PBXFileReference; includeInIndex = 1; lastKnownFileType = sourcecode.swift; path = SupabaseWasteEventRepository.swift; sourceTree = "<group>"; };
		E513535F216E1F48CD0BFD2B /* Typography.swift */ = {isa = PBXFileReference; lastKnownFileType = sourcecode.swift; path = Typography.swift; sourceTree = "<group>"; };
		E578FB9271D95B9DA6F95302 /* .gitkeep */ = {isa = PBXFileReference; lastKnownFileType = text; path = .gitkeep; sourceTree = "<group>"; };
		E5FD34B16FECDEF87CFE4747 /* ToastManager.swift */ = {isa = PBXFileReference; includeInIndex = 1; lastKnownFileType = sourcecode.swift; path = ToastManager.swift; sourceTree = "<group>"; };
		E6ACAF63CB115D11BA9D8937 /* AddFirstItemView.swift */ = {isa = PBXFileReference; lastKnownFileType = sourcecode.swift; path = AddFirstItemView.swift; sourceTree = "<group>"; };
		EA7C3E2358381143A1F19AAD /* NotificationService.swift */ = {isa = PBXFileReference; lastKnownFileType = sourcecode.swift; path = NotificationService.swift; sourceTree = "<group>"; };
		EDF125DA6237D4962826A67C /* Config.plist */ = {isa = PBXFileReference; lastKnownFileType = text.plist; path = Config.plist; sourceTree = "<group>"; };
		EE610C4FADD93B5C09ED9808 /* WelcomeView.swift */ = {isa = PBXFileReference; lastKnownFileType = sourcecode.swift; path = WelcomeView.swift; sourceTree = "<group>"; };
		F13D12972E85792D23DE362F /* TrackingService.swift */ = {isa = PBXFileReference; lastKnownFileType = sourcecode.swift; path = TrackingService.swift; sourceTree = "<group>"; };
		F5E4A3B2C1D0E9F8A7B6C5D4 /* FeatureOnboardingView.swift */ = {isa = PBXFileReference; lastKnownFileType = sourcecode.swift; path = FeatureOnboardingView.swift; sourceTree = "<group>"; };
		F6E89EE1FE136C33F911979F /* CurrencyFormatter.swift */ = {isa = PBXFileReference; lastKnownFileType = sourcecode.swift; path = CurrencyFormatter.swift; sourceTree = "<group>"; };
		F9DDE75050EB6F3B90B83617 /* SyncBanner.swift */ = {isa = PBXFileReference; lastKnownFileType = sourcecode.swift; path = SyncBanner.swift; sourceTree = "<group>"; };
		FB04A0E1781A186DCBED1B08 /* SupabasePantryRepository.swift */ = {isa = PBXFileReference; lastKnownFileType = sourcecode.swift; path = SupabasePantryRepository.swift; sourceTree = "<group>"; };
		L0GPURCHAS3SH33T00000002 /* LogPurchaseSheet.swift */ = {isa = PBXFileReference; lastKnownFileType = sourcecode.swift; path = LogPurchaseSheet.swift; sourceTree = "<group>"; };
		S1ETT1NGSV1EW0002 /* SettingsView.swift */ = {isa = PBXFileReference; lastKnownFileType = sourcecode.swift; path = SettingsView.swift; sourceTree = "<group>"; };
		S1ETT1NGSV1EW0004 /* FAQView.swift */ = {isa = PBXFileReference; lastKnownFileType = sourcecode.swift; path = FAQView.swift; sourceTree = "<group>"; };
		S1ETT1NGSV1EW0006 /* AboutView.swift */ = {isa = PBXFileReference; lastKnownFileType = sourcecode.swift; path = AboutView.swift; sourceTree = "<group>"; };
		S1ETT1NGSV1EW0008 /* TermsView.swift */ = {isa = PBXFileReference; lastKnownFileType = sourcecode.swift; path = TermsView.swift; sourceTree = "<group>"; };
		S1ETT1NGSV1EW0010 /* PrivacyView.swift */ = {isa = PBXFileReference; lastKnownFileType = sourcecode.swift; path = PrivacyView.swift; sourceTree = "<group>"; };
		SHADOW0010000000000002 /* Shadow.swift */ = {isa = PBXFileReference; lastKnownFileType = sourcecode.swift; path = Shadow.swift; sourceTree = "<group>"; };
/* End PBXFileReference section */

/* Begin PBXFrameworksBuildPhase section */
		18B794724B44C38252FE73FA /* Frameworks */ = {
			isa = PBXFrameworksBuildPhase;
			buildActionMask = 2147483647;
			files = (
				463A90887BB21FFDD6673584 /* Supabase in Frameworks */,
				G00GL3S1GN1N000000000002 /* GoogleSignIn in Frameworks */,
			);
			runOnlyForDeploymentPostprocessing = 0;
		};
/* End PBXFrameworksBuildPhase section */

/* Begin PBXGroup section */
		014F785FAF0DE094434B6DF7 = {
			isa = PBXGroup;
			children = (
				EE641F87336D487D956ECF38 /* FoodPan */,
				854B9E841D466017F9A1BCAE /* FoodPanTests */,
				B82AA54A6522D48BE311353C /* Products */,
			);
			sourceTree = "<group>";
		};
		02031D178AE5F13AD708259E /* Pantry */ = {
			isa = PBXGroup;
			children = (
				B3A165429878F84DE63084BC /* AddEditPantryItemView.swift */,
				A1B2C3D4E5F67890ABCDEF01 /* AddItemHubSheet.swift */,
				6D563B63A0B260734B60CA5D /* PantryItemRow.swift */,
				9F5EBB14C39A04965776DFD5 /* PantryView.swift */,
				7E6D10DA4544CD775F8677A8 /* PantryReviewView.swift */,
				5B35B1B263067487454A9D87 /* BarcodeScannerView.swift */,
				5F8D686893916FF2DA727B99 /* ExpiryCalendarView.swift */,
			);
			path = Pantry;
			sourceTree = "<group>";
		};
		09DCC2CC0EB2E5337519069E /* Analytics */ = {
			isa = PBXGroup;
			children = (
				927E409BC3D40789A81C0CB2 /* AnalyticsEvent.swift */,
				F13D12972E85792D23DE362F /* TrackingService.swift */,
			);
			path = Analytics;
			sourceTree = "<group>";
		};
		0C74CC917E4696183389F807 /* Insights */ = {
			isa = PBXGroup;
			children = (
				616B0B302A21568056AF9C54 /* InsightsView.swift */,
				0B6326566C7A49085EEDA815 /* BudgetSettingsSheet.swift */,
				L0GPURCHAS3SH33T00000002 /* LogPurchaseSheet.swift */,
				CUST0M1Z3ANALYT1CS000002 /* CustomizeAnalyticsSheet.swift */,
			);
			path = Insights;
			sourceTree = "<group>";
		};
		0D26CF1FA6B6DF8B9A8A9397 /* Onboarding */ = {
			isa = PBXGroup;
			children = (
				E6ACAF63CB115D11BA9D8937 /* AddFirstItemView.swift */,
				A5ED5228BB3E22B7671D9617 /* CreateHouseholdView.swift */,
				F5E4A3B2C1D0E9F8A7B6C5D4 /* FeatureOnboardingView.swift */,
			);
			path = Onboarding;
			sourceTree = "<group>";
		};
		0E2BE0614C4F6CE6A01948E8 /* DesignSystem */ = {
			isa = PBXGroup;
			children = (
				70897D365C1FDF1FED24804C /* Colors.swift */,
				8995E7D542FCFC1E4E95E3DD /* Spacing.swift */,
				SHADOW0010000000000002 /* Shadow.swift */,
				E513535F216E1F48CD0BFD2B /* Typography.swift */,
			);
			path = DesignSystem;
			sourceTree = "<group>";
		};
		3838CC75E81E8921BB3D81C1 /* Repositories */ = {
			isa = PBXGroup;
			children = (
				A649A7C2E6B6982F7ABB83F0 /* .gitkeep */,
				C4C7CCA7A963BF6F022D44A8 /* GroceryCatalogRepository.swift */,
				CF41C394CD762683586C48C3 /* PantryRepository.swift */,
				CE797865D8C3779189C69FD9 /* ShoppingListRepository.swift */,
				7B2E1DAE6DCFFD92D0D3ADA9 /* ShoppingRepository.swift */,
				AF2F49AED7C434C5EE5329F0 /* SupabaseGroceryCatalogRepository.swift */,
				FB04A0E1781A186DCBED1B08 /* SupabasePantryRepository.swift */,
				C0EDD847663E63353382C0AC /* SupabaseShoppingListRepository.swift */,
				11DDEE80D32D06E6955E8D99 /* SupabaseShoppingRepository.swift */,
				53A1FFC34C0FB159125303FA /* SupabaseTransactionRepository.swift */,
				76CDCC8A46D77749C609EA0C /* TransactionRepository.swift */,
				9ABD43FA53BFC27D5A2AB8CB /* FinanceSettingsRepository.swift */,
				2E44D94A8AEE39F8EDDBFF6D /* ShoppingTripRepository.swift */,
				BE89FC5DDF35CBD6F03980FF /* WasteEventRepository.swift */,
				890852995B6776C9B879C3FD /* PeriodSnapshotRepository.swift */,
				A9B0AB09E33E7A69B327C79E /* SupabaseFinanceSettingsRepository.swift */,
				2484E99457E3A3B323F66D96 /* SupabaseShoppingTripRepository.swift */,
				E1EBA42BC70AFA9004CAE0F1 /* SupabaseWasteEventRepository.swift */,
				B5581EFEF684C73BA5546885 /* SupabasePeriodSnapshotRepository.swift */,
			);
			path = Repositories;
			sourceTree = "<group>";
		};
		44A7F0D9AD5BC868CB3C5C63 /* Models */ = {
			isa = PBXGroup;
			children = (
				3D9EE8EEF7B974790089CA2F /* .gitkeep */,
				81771860FB7F819E7EAF4DAC /* AppError.swift */,
				D23D37E9C2A49CD968B14273 /* GroceryCatalogItem.swift */,
				84A8AF89B65679D6416BFCC5 /* Household.swift */,
				1642A4062F522C8F0022B0A3 /* HouseholdInvite.swift */,
				CBF068371BAA2DA817FAC3CB /* PantryItem.swift */,
				B8429EE752D681BB1C12FA85 /* ShoppingItem.swift */,
				DE127CF615A8C4AD9E84EE66 /* ShoppingList.swift */,
				86B80D1087DF4E695CA308F9 /* Transaction.swift */,
				C3487F5F27D3F77FF7BEFEF5 /* UnitType.swift */,
				3FC38EB280443F86CA6A5740 /* User.swift */,
				0EC66C22CE0F281CE16B8139 /* FinanceSettings.swift */,
				8301E747B6936D1C3069B57F /* ShoppingTrip.swift */,
				0B055A7FD1BC49579924AB2C /* WasteEvent.swift */,
				1D911F0D72D1AC360795E490 /* PeriodSnapshot.swift */,
				ANALYT1CS000000000000002 /* AnalyticsCard.swift */,
			);
			path = Models;
			sourceTree = "<group>";
		};
		4BB14A09723F9A0E0F2F0942 /* ViewModels */ = {
			isa = PBXGroup;
			children = (
				E578FB9271D95B9DA6F95302 /* .gitkeep */,
				08DA04F7516628A308DEF593 /* AddEditPantryItemViewModel.swift */,
				8B7A6C5D4E3F2A1B0C9D8E7F /* AddItemHubViewModel.swift */,
				4B958E92F5C9A6909B90F8BA /* DashboardViewModel.swift */,
				7B8129704D4E0EEFEC32CDFB /* GroceryCatalogSearchViewModel.swift */,
				3802655F822E28099BEE9AA6 /* InsightsViewModel.swift */,
				597512DC1EA9FE1E05A397AB /* PantryViewModel.swift */,
				AE9EB7002395F89ACC9E5FDF /* ProfileViewModel.swift */,
				8D83762AD2AE55F0346CEF85 /* ShoppingListsViewModel.swift */,
				2732519AA6C49A966AF4BC4A /* ShoppingListViewModel.swift */,
				522EBB49F8C65F636285E3AD /* TransferViewModel.swift */,
				1DF5E425AD87A4054847FEAD /* FinanceViewModel.swift */,
				C7A5B4B3CB4BEA8481401D1C /* PantryReviewViewModel.swift */,
			);
			path = ViewModels;
			sourceTree = "<group>";
		};
		511E183A70D0E5BD8B1B88F2 /* Extensions */ = {
			isa = PBXGroup;
			children = (
				88E9B5C49385CC369124DE7B /* .gitkeep */,
				F6E89EE1FE136C33F911979F /* CurrencyFormatter.swift */,
			);
			path = Extensions;
			sourceTree = "<group>";
		};
		84E5C9878A5670A0E86A00F8 /* Profile */ = {
			isa = PBXGroup;
			children = (
				1642A4152F522D0E0022B0A3 /* InviteMemberSheet.swift */,
				5387BFC61DA46C52CB063442 /* FamilyMembersView.swift */,
				016F1DED007105D3BB0CFEB0 /* ProfileView.swift */,
				8F7BF7EBBBF140A53CCE1C14 /* ExportShareSheet.swift */,
			);
			path = Profile;
			sourceTree = "<group>";
		};
		854B9E841D466017F9A1BCAE /* FoodPanTests */ = {
			isa = PBXGroup;
			children = (
				9F57B8E64FA467B37A49D47A /* AppErrorTests.swift */,
				1439D7F0BA0A4F773D3449AD /* CurrencyFormatterTests.swift */,
				20374B0D9D78B31A61901FEC /* DashboardViewModelTests.swift */,
				96A1952901496ACDED154B49 /* ErrorHandlerTests.swift */,
				564B394912E11B3D6A1FA1C5 /* FinancialServiceTests.swift */,
				6AB5E4F11EBCC377E73420C2 /* FoodPanTests.swift */,
				BB1F0F81AFB88968618BF80D /* GroceryCatalogSearchViewModelTests.swift */,
				8D9F1332BD945864F74BF85F /* PantryItemTests.swift */,
				8EB5E4530B2029FF399181B5 /* PantryViewModelTests.swift */,
				AA4AD1051E8B68DF54D03410 /* PermissionServiceTests.swift */,
				158B0554D32445E1BB425DF6 /* ShoppingListsViewModelTests.swift */,
				ABBC2030E74891A84CCF0FCF /* ShoppingListViewModelTests.swift */,
				A1DCCE6C6EEE6891CD91C6BB /* Mocks */,
			);
			path = FoodPanTests;
			sourceTree = "<group>";
		};
		8687F3EA3139350CAF66F587 /* Finance */ = {
			isa = PBXGroup;
			children = (
			);
			path = Finance;
			sourceTree = "<group>";
		};
		8BC8D14EC83282D406DB4021 /* Shopping */ = {
			isa = PBXGroup;
			children = (
				81770F516E12AD09363A23EF /* CatalogSearchSheet.swift */,
				BEEEBA4E121AC3C88D37A4BB /* CreateShoppingListSheet.swift */,
				8E4E127C20AC6E5F0BB6483C /* ShoppingItemRow.swift */,
				439C05567C1F47554CD57E58 /* ShoppingListCard.swift */,
				3851729C64BB658487949D11 /* ShoppingListDetailView.swift */,
				1746078B54AEC1F06870E89B /* ShoppingListsView.swift */,
				7DB2FDB7C7BDF521AACDC006 /* TransferConfirmationView.swift */,
			);
			path = Shopping;
			sourceTree = "<group>";
		};
		A159369690E5C42979FB85EC /* Components */ = {
			isa = PBXGroup;
			children = (
				8A96E15CDC0AD1508ABA1597 /* FloatingAddButton.swift */,
				F9DDE75050EB6F3B90B83617 /* SyncBanner.swift */,
				216FAB78AB1C3B9FCAE421F7 /* ValidationErrorText.swift */,
				01AB13F06752E26E90964DA7 /* ToastView.swift */,
			);
			path = Components;
			sourceTree = "<group>";
		};
		A1DCCE6C6EEE6891CD91C6BB /* Mocks */ = {
			isa = PBXGroup;
			children = (
				06EE402A8D7E4ED0B814CF73 /* MockGroceryCatalogRepository.swift */,
				5AF3091705CF38DF9A2F7921 /* MockPantryRepository.swift */,
				19C8F727C85A14BB8E8F2ADA /* MockShoppingListRepository.swift */,
				1701C0F6DBABC512AC5A9F93 /* MockShoppingRepository.swift */,
				3654EE83F0C69B0AEC0D63B1 /* MockTransactionRepository.swift */,
			);
			path = Mocks;
			sourceTree = "<group>";
		};
		B82AA54A6522D48BE311353C /* Products */ = {
			isa = PBXGroup;
			children = (
				291E6AB859CA88E4896910D8 /* FoodPan.app */,
				3AF1DE35BB4697A4FB064F97 /* FoodPanTests.xctest */,
			);
			name = Products;
			sourceTree = "<group>";
		};
		BBC31CBE5B52FBBAEA737D29 /* Dashboard */ = {
			isa = PBXGroup;
			children = (
				DA061A55AF1439101CCDB046 /* DashboardView.swift */,
			);
			path = Dashboard;
			sourceTree = "<group>";
		};
		C4DC10E14E8DE134EEBEA5C5 /* Services */ = {
			isa = PBXGroup;
			children = (
				142A90099159C4AE34F95EDE /* .gitkeep */,
				85AFFB2F628A78139E45AA52 /* AuthenticationService.swift */,
				16A17285A8CDA7DA7BF9F9C3 /* ErrorHandler.swift */,
				4E8C60FC3ED6848489B9B1C4 /* FinancialService.swift */,
				9C074B0819D0BFBC9DA3C833 /* HouseholdService.swift */,
				EA7C3E2358381143A1F19AAD /* NotificationService.swift */,
				684AD2EE499BB8CF7DA3EF85 /* PermissionService.swift */,
				18E6B3943F1AF44FFC539FD7 /* SupabaseManager.swift */,
				09DCC2CC0EB2E5337519069E /* Analytics */,
				E5FD34B16FECDEF87CFE4747 /* ToastManager.swift */,
				531A4264A72A12AA9E890BAC /* DataExportService.swift */,
				236B76197BBCF8A2E9A731F7 /* OpenFoodFactsService.swift */,
				9627FBDD622458731835AAB9 /* NetworkRetry.swift */,
				1991C9C359D3B4D19BE6E729 /* NetworkMonitor.swift */,
			);
			path = Services;
			sourceTree = "<group>";
		};
		E68CDBB15754E1D74DB7E2DE /* Views */ = {
			isa = PBXGroup;
			children = (
				FBACEA744218BD5AB94BB2FD /* Auth */,
				A159369690E5C42979FB85EC /* Components */,
				BBC31CBE5B52FBBAEA737D29 /* Dashboard */,
				0C74CC917E4696183389F807 /* Insights */,
				0D26CF1FA6B6DF8B9A8A9397 /* Onboarding */,
				02031D178AE5F13AD708259E /* Pantry */,
				84E5C9878A5670A0E86A00F8 /* Profile */,
				S1ETT1NGSV1EW0011 /* Settings */,
				8BC8D14EC83282D406DB4021 /* Shopping */,
				8687F3EA3139350CAF66F587 /* Finance */,
			);
			path = Views;
			sourceTree = "<group>";
		};
		EE641F87336D487D956ECF38 /* FoodPan */ = {
			isa = PBXGroup;
			children = (
				639B537F803AE7CA6083E50B /* Assets.xcassets */,
				EDF125DA6237D4962826A67C /* Config.plist */,
				025A13F7C27F4698C2107468 /* ContentView.swift */,
				639A4B90FF520F79C9C68CD7 /* FoodPan.entitlements */,
				ADDBCD3F5E4E00E84F6A6707 /* FoodPanApp.swift */,
				0E2BE0614C4F6CE6A01948E8 /* DesignSystem */,
				511E183A70D0E5BD8B1B88F2 /* Extensions */,
				44A7F0D9AD5BC868CB3C5C63 /* Models */,
				3838CC75E81E8921BB3D81C1 /* Repositories */,
				C4DC10E14E8DE134EEBEA5C5 /* Services */,
				4BB14A09723F9A0E0F2F0942 /* ViewModels */,
				E68CDBB15754E1D74DB7E2DE /* Views */,
				67A951BF66D614D63CBEB9CB /* PrivacyInfo.xcprivacy */,
			);
			path = FoodPan;
			sourceTree = "<group>";
		};
		FBACEA744218BD5AB94BB2FD /* Auth */ = {
			isa = PBXGroup;
			children = (
				9058DBEE6B61CD67FCFA76F9 /* EmailAuthView.swift */,
				EE610C4FADD93B5C09ED9808 /* WelcomeView.swift */,
			);
			path = Auth;
			sourceTree = "<group>";
		};
		S1ETT1NGSV1EW0011 /* Settings */ = {
			isa = PBXGroup;
			children = (
				S1ETT1NGSV1EW0002 /* SettingsView.swift */,
				S1ETT1NGSV1EW0004 /* FAQView.swift */,
				S1ETT1NGSV1EW0006 /* AboutView.swift */,
				S1ETT1NGSV1EW0008 /* TermsView.swift */,
				S1ETT1NGSV1EW0010 /* PrivacyView.swift */,
			);
			path = Settings;
			sourceTree = "<group>";
		};
/* End PBXGroup section */

/* Begin PBXNativeTarget section */
		91DF31A09775843BAE2C2FCC /* FoodPan */ = {
			isa = PBXNativeTarget;
			buildConfigurationList = 4D319EC6D14B50443532126B /* Build configuration list for PBXNativeTarget "FoodPan" */;
			buildPhases = (
				BE2F706AA100A2047EF590B0 /* Sources */,
				90DBA21553BC5FF579E778B5 /* Resources */,
				18B794724B44C38252FE73FA /* Frameworks */,
			);
			buildRules = (
			);
			dependencies = (
			);
			name = FoodPan;
			packageProductDependencies = (
				57224A54A29887D44C1FCDBD /* Supabase */,
				G00GL3S1GN1N000000000003 /* GoogleSignIn */,
			);
			productName = FoodPan;
			productReference = 291E6AB859CA88E4896910D8 /* FoodPan.app */;
			productType = "com.apple.product-type.application";
		};
		A0557035C633AA0721E1FAD7 /* FoodPanTests */ = {
			isa = PBXNativeTarget;
			buildConfigurationList = B574B9137B01C00D4E2D5BB9 /* Build configuration list for PBXNativeTarget "FoodPanTests" */;
			buildPhases = (
				54A93756EF49EC30F839D70B /* Sources */,
			);
			buildRules = (
			);
			dependencies = (
				7B1CCD57BB46515F3CD606B4 /* PBXTargetDependency */,
			);
			name = FoodPanTests;
			productName = FoodPanTests;
			productReference = 3AF1DE35BB4697A4FB064F97 /* FoodPanTests.xctest */;
			productType = "com.apple.product-type.bundle.unit-test";
		};
/* End PBXNativeTarget section */

/* Begin PBXProject section */
		EC5D466EA8E1FA68FFA13248 /* Project object */ = {
			isa = PBXProject;
			attributes = {
				BuildIndependentTargetsInParallel = YES;
				LastUpgradeCheck = 2620;
			};
			buildConfigurationList = 15809E0224D6D43A180FF6A0 /* Build configuration list for PBXProject "FoodPan" */;
			compatibilityVersion = "Xcode 14.0";
			developmentRegion = en;
			hasScannedForEncodings = 0;
			knownRegions = (
				Base,
				en,
			);
			mainGroup = 014F785FAF0DE094434B6DF7;
			minimizedProjectReferenceProxies = 1;
			packageReferences = (
				E506F1312091CA9397364DDD /* XCRemoteSwiftPackageReference "supabase-swift" */,
				G00GL3S1GN1N000000000001 /* XCRemoteSwiftPackageReference "GoogleSignIn-iOS" */,
			);
			productRefGroup = B82AA54A6522D48BE311353C /* Products */;
			projectDirPath = "";
			projectRoot = "";
			targets = (
				91DF31A09775843BAE2C2FCC /* FoodPan */,
				A0557035C633AA0721E1FAD7 /* FoodPanTests */,
			);
		};
/* End PBXProject section */

/* Begin PBXResourcesBuildPhase section */
		90DBA21553BC5FF579E778B5 /* Resources */ = {
			isa = PBXResourcesBuildPhase;
			buildActionMask = 2147483647;
			files = (
				FC500D1E980481AB0AEF5C3A /* Assets.xcassets in Resources */,
				00930BDF44E37BD5DEE68C94 /* Config.plist in Resources */,
				9F2F7A73E5B78EECC5ECA3BF /* PrivacyInfo.xcprivacy in Resources */,
			);
			runOnlyForDeploymentPostprocessing = 0;
		};
/* End PBXResourcesBuildPhase section */

/* Begin PBXSourcesBuildPhase section */
		54A93756EF49EC30F839D70B /* Sources */ = {
			isa = PBXSourcesBuildPhase;
			buildActionMask = 2147483647;
			files = (
				B5A37AD3B9EBDADEB0414C98 /* AppErrorTests.swift in Sources */,
				C6B288BFD864346DC8E376DD /* CurrencyFormatterTests.swift in Sources */,
				0E20A83783DA7460C79E88D9 /* DashboardViewModelTests.swift in Sources */,
				8B8338C8992F8EBD67A4E3B9 /* ErrorHandlerTests.swift in Sources */,
				B6EDDAE8134C2A84A4519A70 /* FinancialServiceTests.swift in Sources */,
				103D296980A90E1C4A5C4544 /* FoodPanTests.swift in Sources */,
				CFC6E0A5CC59BF34A480B0CD /* GroceryCatalogSearchViewModelTests.swift in Sources */,
				955755681C8F05C7B630DE01 /* MockGroceryCatalogRepository.swift in Sources */,
				D361D9DE43EA5C5692E1097B /* MockPantryRepository.swift in Sources */,
				4B2926157BA855597C7480E7 /* MockShoppingListRepository.swift in Sources */,
				74B16BC04E9CB5AE0D30C583 /* MockShoppingRepository.swift in Sources */,
				5E23F3B7EBE55C302D22DD64 /* MockTransactionRepository.swift in Sources */,
				1642A4082F522C8F0022B0A3 /* HouseholdInvite.swift in Sources */,
				8066EE9E49CA48CD49F3067D /* PantryItemTests.swift in Sources */,
				317334A97A2A755CEFCC9F16 /* PantryViewModelTests.swift in Sources */,
				AD0AD3F3483E4BCA0EB461BD /* PermissionServiceTests.swift in Sources */,
				7F17B8D9DA4A8A5043FA28F0 /* ShoppingListViewModelTests.swift in Sources */,
				BE16D7C4CBCDFD50CE327817 /* ShoppingListsViewModelTests.swift in Sources */,
			);
			runOnlyForDeploymentPostprocessing = 0;
		};
		BE2F706AA100A2047EF590B0 /* Sources */ = {
			isa = PBXSourcesBuildPhase;
			buildActionMask = 2147483647;
			files = (
				BFD93BCDB77C103C9BC2392D /* AddEditPantryItemView.swift in Sources */,
				61D37975F1C013EB50D22DE7 /* AddEditPantryItemViewModel.swift in Sources */,
				F5E4D3C2B1A0F9E8D7C6B5A4 /* AddItemHubSheet.swift in Sources */,
				6D5E4F3A2B1C0D9E8F7A6B5C /* AddItemHubViewModel.swift in Sources */,
				B18A635C1BE836956D0704A8 /* AddFirstItemView.swift in Sources */,
				53AEF34EE59F721DA8BAF5B6 /* AnalyticsEvent.swift in Sources */,
				B7D053609A44BF5A357C1418 /* AppError.swift in Sources */,
				913C241C722519FBF0EECF49 /* AuthenticationService.swift in Sources */,
				6297E61C5CA5FF11DA74F41A /* CatalogSearchSheet.swift in Sources */,
				3B9A8D706042A376AAD4AA29 /* Colors.swift in Sources */,
				1642A4162F522D0E0022B0A3 /* InviteMemberSheet.swift in Sources */,
				1009BE3DAD3C51B1E03DC9E3 /* ContentView.swift in Sources */,
				37652BB0D6A5DF29954D2AC4 /* CreateHouseholdView.swift in Sources */,
				F1E2A3B4C5D6E7F8A9B0C1D2 /* FeatureOnboardingView.swift in Sources */,
				1642A4072F522C8F0022B0A3 /* HouseholdInvite.swift in Sources */,
				F2051B4D6E0708483068BFE4 /* CreateShoppingListSheet.swift in Sources */,
				D8FE3C0DD5AE92B609387670 /* CurrencyFormatter.swift in Sources */,
				1DBC09858C8AFE1F3E3B1F96 /* DashboardView.swift in Sources */,
				AA27492C4A324D77B09C0AEB /* DashboardViewModel.swift in Sources */,
				46C88879B91874D4309E7ED7 /* EmailAuthView.swift in Sources */,
				5BF160BCC7B9D16148C98AFD /* ErrorHandler.swift in Sources */,
				7429A83B27268693C0368742 /* FamilyMembersView.swift in Sources */,
				C509289EE70A0C0B859F6DAB /* FinancialService.swift in Sources */,
				9AF80CFB995DD774E3880230 /* FloatingAddButton.swift in Sources */,
				6FC0401602EA6F68737F6DB3 /* FoodPanApp.swift in Sources */,
				705FFE4BEE7B22024FF8174C /* GroceryCatalogItem.swift in Sources */,
				444765412A167F605A002F17 /* GroceryCatalogRepository.swift in Sources */,
				5BF44A5D3C3D4A41CD02DBCA /* GroceryCatalogSearchViewModel.swift in Sources */,
				173D0BF2AB406789FE5EBFF1 /* Household.swift in Sources */,
				E98B06871F0B613CA1D33A95 /* HouseholdService.swift in Sources */,
				71AF3A6852808A0AE02F9E1D /* InsightsView.swift in Sources */,
				ANALYT1CS000000000000001 /* AnalyticsCard.swift in Sources */,
				CUST0M1Z3ANALYT1CS000001 /* CustomizeAnalyticsSheet.swift in Sources */,
				D5C2196FB95AE963280C67D4 /* InsightsViewModel.swift in Sources */,
				C2B835496AF468EE9BF92F97 /* NotificationService.swift in Sources */,
				4C54182C585B37AA0D554E5F /* PantryItem.swift in Sources */,
				456E65CC536C113DA199DA47 /* PantryItemRow.swift in Sources */,
				4AA9FA09DC100E25383703CA /* PantryRepository.swift in Sources */,
				2E8EE0470003443B54062291 /* PantryView.swift in Sources */,
				20A4FEB434968F07C774A39A /* PantryViewModel.swift in Sources */,
				0E95ACAC2722E113B8714D18 /* PermissionService.swift in Sources */,
				CC388AADBF0C0586C40980D1 /* ProfileView.swift in Sources */,
				77AB81CB2EA18B5D3729B51F /* ProfileViewModel.swift in Sources */,
				S1ETT1NGSV1EW0001 /* SettingsView.swift in Sources */,
				S1ETT1NGSV1EW0003 /* FAQView.swift in Sources */,
				S1ETT1NGSV1EW0005 /* AboutView.swift in Sources */,
				S1ETT1NGSV1EW0007 /* TermsView.swift in Sources */,
				S1ETT1NGSV1EW0009 /* PrivacyView.swift in Sources */,
				BC7181C3C68E1254EE5897CD /* ShoppingItem.swift in Sources */,
				23BB853B2EFF2CA2CC55FB82 /* ShoppingItemRow.swift in Sources */,
				EE4923AAA966DF070651F695 /* ShoppingList.swift in Sources */,
				8A255C82DDE7E084455B584A /* ShoppingListCard.swift in Sources */,
				1BFA79CCE0853624F2680CA7 /* ShoppingListDetailView.swift in Sources */,
				907FDD88638D6182A5E8D346 /* ShoppingListRepository.swift in Sources */,
				76BB3CFC90FB15B80202BD84 /* ShoppingListViewModel.swift in Sources */,
				2C39C89FB492125831E8E015 /* ShoppingListsView.swift in Sources */,
				DC611328EB7DC5A7957D8304 /* ShoppingListsViewModel.swift in Sources */,
				17C6B3A2FBB3CD6B0DB58F57 /* ShoppingRepository.swift in Sources */,
				CE1F97D4D18151BC4102D661 /* Spacing.swift in Sources */,
				SHADOW0010000000000001 /* Shadow.swift in Sources */,
				629DAD02D978630D8F6DFB61 /* SupabaseGroceryCatalogRepository.swift in Sources */,
				81FD2528D2B5ACF4693B5D2E /* SupabaseManager.swift in Sources */,
				7D7E72362A17E2F81C17AA3C /* SupabasePantryRepository.swift in Sources */,
				C25CFB3E4D2058168E4F001A /* SupabaseShoppingListRepository.swift in Sources */,
				AEC7E965EE2DFDC9ABFF713E /* SupabaseShoppingRepository.swift in Sources */,
				8C36693AECC72BE8177F3216 /* SupabaseTransactionRepository.swift in Sources */,
				2FD9767FDB604F6314EE1650 /* SyncBanner.swift in Sources */,
				E043D1F44765CFA0DF0DD931 /* TrackingService.swift in Sources */,
				836C9248271B66AC74A2D5CD /* Transaction.swift in Sources */,
				B69D563C719DAC94A2E620E0 /* TransactionRepository.swift in Sources */,
				7487F0492B2A10CF5803A8DE /* TransferConfirmationView.swift in Sources */,
				AD82CEF6323A3C8CA881FB9E /* TransferViewModel.swift in Sources */,
				94738C3FA9277285A00AAE0D /* Typography.swift in Sources */,
				7CD47D48FDFDD4FC3AE922BF /* UnitType.swift in Sources */,
				79276C727043B7362426BB20 /* User.swift in Sources */,
				C635A714C9FA512969F16481 /* ValidationErrorText.swift in Sources */,
				3F091A98130905468477F4BD /* WelcomeView.swift in Sources */,
				98E59C8E5132E4E94BCA51F8 /* ToastManager.swift in Sources */,
				137D2C19CB13D7CF515CC649 /* ToastView.swift in Sources */,
				19D79C80072F134013BEB982 /* FinanceSettings.swift in Sources */,
				64E7F4A61DFC46CA8E04FB1C /* ShoppingTrip.swift in Sources */,
				D54F4796EA566BBFFB08A9E1 /* WasteEvent.swift in Sources */,
				1C9C837F1551C7203F231F56 /* PeriodSnapshot.swift in Sources */,
				B9AA999A869DD64703FEEBC0 /* FinanceSettingsRepository.swift in Sources */,
				D441903E4D5B38DEEE132E66 /* ShoppingTripRepository.swift in Sources */,
				941E7C81F321AFA89C64764A /* WasteEventRepository.swift in Sources */,
				EDC145BA6FC36836EB812B70 /* PeriodSnapshotRepository.swift in Sources */,
				B6C1867F1E8E20104CD51FFD /* SupabaseFinanceSettingsRepository.swift in Sources */,
				D0952A5D8B03727E117D95F7 /* SupabaseShoppingTripRepository.swift in Sources */,
				D9BCD82786375E2FD78C47DE /* SupabaseWasteEventRepository.swift in Sources */,
				89334860AD8CAC9517EEA5E8 /* SupabasePeriodSnapshotRepository.swift in Sources */,
				74C3B82C3B89CE73CC3E769C /* FinanceViewModel.swift in Sources */,
				21D2B768B4C63747F85A8C2A /* BudgetSettingsSheet.swift in Sources */,
				L0GPURCHAS3SH33T00000001 /* LogPurchaseSheet.swift in Sources */,
				3BFF200F3FE22D5C8ED1EE3A /* PantryReviewView.swift in Sources */,
				AAD7C0306DEF61A573ABFD08 /* PantryReviewViewModel.swift in Sources */,
				8255FFE8D8232D1E1785FA5D /* DataExportService.swift in Sources */,
				FD45EB59E7C227735021BA8E /* OpenFoodFactsService.swift in Sources */,
				348A18813F04BE0ACB9263A2 /* ExportShareSheet.swift in Sources */,
				87D6E863DE5CB4AF408F4025 /* BarcodeScannerView.swift in Sources */,
				BB923F01FDDBFFB7B7879D1C /* ExpiryCalendarView.swift in Sources */,
				C8AFB3A02F901AB13EA20850 /* NetworkRetry.swift in Sources */,
				5110323300026E5DC76F32AA /* NetworkMonitor.swift in Sources */,
			);
			runOnlyForDeploymentPostprocessing = 0;
		};
/* End PBXSourcesBuildPhase section */

/* Begin PBXTargetDependency section */
		7B1CCD57BB46515F3CD606B4 /* PBXTargetDependency */ = {
			isa = PBXTargetDependency;
			target = 91DF31A09775843BAE2C2FCC /* FoodPan */;
			targetProxy = 97235718C75B7E5D11F458B6 /* PBXContainerItemProxy */;
		};
/* End PBXTargetDependency section */

/* Begin XCBuildConfiguration section */
		16CAE9DE19CD0674F426FCC9 /* Debug */ = {
			isa = XCBuildConfiguration;
			buildSettings = {
				ALWAYS_SEARCH_USER_PATHS = NO;
				ASSETCATALOG_COMPILER_GENERATE_SWIFT_ASSET_SYMBOL_EXTENSIONS = NO;
				CLANG_ANALYZER_NONNULL = YES;
				CLANG_ANALYZER_NUMBER_OBJECT_CONVERSION = YES_AGGRESSIVE;
				CLANG_CXX_LANGUAGE_STANDARD = "gnu++14";
				CLANG_CXX_LIBRARY = "libc++";
				CLANG_ENABLE_MODULES = YES;
				CLANG_ENABLE_OBJC_ARC = YES;
				CLANG_ENABLE_OBJC_WEAK = YES;
				CLANG_WARN_BLOCK_CAPTURE_AUTORELEASING = YES;
				CLANG_WARN_BOOL_CONVERSION = YES;
				CLANG_WARN_COMMA = YES;
				CLANG_WARN_CONSTANT_CONVERSION = YES;
				CLANG_WARN_DEPRECATED_OBJC_IMPLEMENTATIONS = YES;
				CLANG_WARN_DIRECT_OBJC_ISA_USAGE = YES_ERROR;
				CLANG_WARN_DOCUMENTATION_COMMENTS = YES;
				CLANG_WARN_EMPTY_BODY = YES;
				CLANG_WARN_ENUM_CONVERSION = YES;
				CLANG_WARN_INFINITE_RECURSION = YES;
				CLANG_WARN_INT_CONVERSION = YES;
				CLANG_WARN_NON_LITERAL_NULL_CONVERSION = YES;
				CLANG_WARN_OBJC_IMPLICIT_RETAIN_SELF = YES;
				CLANG_WARN_OBJC_LITERAL_CONVERSION = YES;
				CLANG_WARN_OBJC_ROOT_CLASS = YES_ERROR;
				CLANG_WARN_QUOTED_INCLUDE_IN_FRAMEWORK_HEADER = YES;
				CLANG_WARN_RANGE_LOOP_ANALYSIS = YES;
				CLANG_WARN_STRICT_PROTOTYPES = YES;
				CLANG_WARN_SUSPICIOUS_MOVE = YES;
				CLANG_WARN_UNGUARDED_AVAILABILITY = YES_AGGRESSIVE;
				CLANG_WARN_UNREACHABLE_CODE = YES;
				CLANG_WARN__DUPLICATE_METHOD_MATCH = YES;
				COPY_PHASE_STRIP = NO;
				DEBUG_INFORMATION_FORMAT = dwarf;
				DEVELOPMENT_TEAM = 46J9PBFLF3;
				ENABLE_STRICT_OBJC_MSGSEND = YES;
				ENABLE_TESTABILITY = YES;
				ENABLE_USER_SCRIPT_SANDBOXING = YES;
				GCC_C_LANGUAGE_STANDARD = gnu11;
				GCC_DYNAMIC_NO_PIC = NO;
				GCC_NO_COMMON_BLOCKS = YES;
				GCC_OPTIMIZATION_LEVEL = 0;
				GCC_PREPROCESSOR_DEFINITIONS = (
					"$(inherited)",
					"DEBUG=1",
				);
				GCC_WARN_64_TO_32_BIT_CONVERSION = YES;
				GCC_WARN_ABOUT_RETURN_TYPE = YES_ERROR;
				GCC_WARN_UNDECLARED_SELECTOR = YES;
				GCC_WARN_UNINITIALIZED_AUTOS = YES_AGGRESSIVE;
				GCC_WARN_UNUSED_FUNCTION = YES;
				GCC_WARN_UNUSED_VARIABLE = YES;
				IPHONEOS_DEPLOYMENT_TARGET = 17.0;
				MTL_ENABLE_DEBUG_INFO = INCLUDE_SOURCE;
				MTL_FAST_MATH = YES;
				ONLY_ACTIVE_ARCH = YES;
				PRODUCT_NAME = "$(TARGET_NAME)";
				SDKROOT = iphoneos;
				STRING_CATALOG_GENERATE_SYMBOLS = YES;
				SWIFT_ACTIVE_COMPILATION_CONDITIONS = DEBUG;
				SWIFT_OPTIMIZATION_LEVEL = "-Onone";
				SWIFT_VERSION = 5.9;
			};
			name = Debug;
		};
		65B6AB04559AA1F4B17523AE /* Release */ = {
			isa = XCBuildConfiguration;
			buildSettings = {
				ASSETCATALOG_COMPILER_APPICON_NAME = AppIcon;
				CODE_SIGN_ENTITLEMENTS = FoodPan/FoodPan.entitlements;
				CODE_SIGN_IDENTITY = "iPhone Developer";
				CURRENT_PROJECT_VERSION = 1;
				GENERATE_INFOPLIST_FILE = YES;
				INFOPLIST_GENERATION_MODE = GeneratedFile;
				INFOPLIST_KEY_NSCameraUsageDescription = "FoodPan uses the camera to scan product barcodes for quick pantry entry.";
				INFOPLIST_KEY_UIApplicationSceneManifest_Generation = YES;
				INFOPLIST_KEY_UILaunchScreen_Generation = YES;
				INFOPLIST_KEY_UISupportedInterfaceOrientations_iPad = "UIInterfaceOrientationPortrait UIInterfaceOrientationPortraitUpsideDown UIInterfaceOrientationLandscapeLeft UIInterfaceOrientationLandscapeRight";
				INFOPLIST_KEY_UISupportedInterfaceOrientations_iPhone = UIInterfaceOrientationPortrait;
				LD_RUNPATH_SEARCH_PATHS = (
					"$(inherited)",
					"@executable_path/Frameworks",
				);
				MARKETING_VERSION = 1.0.0;
				PRODUCT_BUNDLE_IDENTIFIER = com.foodpan.FoodPan;
				SDKROOT = iphoneos;
				TARGETED_DEVICE_FAMILY = "1,2";
			};
			name = Release;
		};
		6EC60B8158299FC8F86BEC97 /* Debug */ = {
			isa = XCBuildConfiguration;
			buildSettings = {
				BUNDLE_LOADER = "$(TEST_HOST)";
				GENERATE_INFOPLIST_FILE = YES;
				LD_RUNPATH_SEARCH_PATHS = (
					"$(inherited)",
					"@executable_path/Frameworks",
					"@loader_path/Frameworks",
				);
				PRODUCT_BUNDLE_IDENTIFIER = com.foodpan.FoodPanTests;
				SDKROOT = iphoneos;
				TARGETED_DEVICE_FAMILY = "1,2";
				TEST_HOST = "$(BUILT_PRODUCTS_DIR)/FoodPan.app/FoodPan";
			};
			name = Debug;
		};
		B9D74D5FA602AEAC738C4059 /* Release */ = {
			isa = XCBuildConfiguration;
			buildSettings = {
				BUNDLE_LOADER = "$(TEST_HOST)";
				GENERATE_INFOPLIST_FILE = YES;
				LD_RUNPATH_SEARCH_PATHS = (
					"$(inherited)",
					"@executable_path/Frameworks",
					"@loader_path/Frameworks",
				);
				PRODUCT_BUNDLE_IDENTIFIER = com.foodpan.FoodPanTests;
				SDKROOT = iphoneos;
				TARGETED_DEVICE_FAMILY = "1,2";
				TEST_HOST = "$(BUILT_PRODUCTS_DIR)/FoodPan.app/FoodPan";
			};
			name = Release;
		};
		BFA9DF01AD0979737A6CA7B9 /* Debug */ = {
			isa = XCBuildConfiguration;
			buildSettings = {
				ASSETCATALOG_COMPILER_APPICON_NAME = AppIcon;
				CODE_SIGN_ENTITLEMENTS = FoodPan/FoodPan.entitlements;
				CODE_SIGN_IDENTITY = "iPhone Developer";
				CURRENT_PROJECT_VERSION = 1;
				GENERATE_INFOPLIST_FILE = YES;
				INFOPLIST_GENERATION_MODE = GeneratedFile;
				INFOPLIST_KEY_NSCameraUsageDescription = "FoodPan uses the camera to scan product barcodes for quick pantry entry.";
				INFOPLIST_KEY_UIApplicationSceneManifest_Generation = YES;
				INFOPLIST_KEY_UILaunchScreen_Generation = YES;
				INFOPLIST_KEY_UISupportedInterfaceOrientations_iPad = "UIInterfaceOrientationPortrait UIInterfaceOrientationPortraitUpsideDown UIInterfaceOrientationLandscapeLeft UIInterfaceOrientationLandscapeRight";
				INFOPLIST_KEY_UISupportedInterfaceOrientations_iPhone = UIInterfaceOrientationPortrait;
				LD_RUNPATH_SEARCH_PATHS = (
					"$(inherited)",
					"@executable_path/Frameworks",
				);
				MARKETING_VERSION = 1.0.0;
				PRODUCT_BUNDLE_IDENTIFIER = com.foodpan.FoodPan;
				SDKROOT = iphoneos;
				TARGETED_DEVICE_FAMILY = "1,2";
			};
			name = Debug;
		};
		E181AC1F17D7A1F0847EC711 /* Release */ = {
			isa = XCBuildConfiguration;
			buildSettings = {
				ALWAYS_SEARCH_USER_PATHS = NO;
				ASSETCATALOG_COMPILER_GENERATE_SWIFT_ASSET_SYMBOL_EXTENSIONS = NO;
				CLANG_ANALYZER_NONNULL = YES;
				CLANG_ANALYZER_NUMBER_OBJECT_CONVERSION = YES_AGGRESSIVE;
				CLANG_CXX_LANGUAGE_STANDARD = "gnu++14";
				CLANG_CXX_LIBRARY = "libc++";
				CLANG_ENABLE_MODULES = YES;
				CLANG_ENABLE_OBJC_ARC = YES;
				CLANG_ENABLE_OBJC_WEAK = YES;
				CLANG_WARN_BLOCK_CAPTURE_AUTORELEASING = YES;
				CLANG_WARN_BOOL_CONVERSION = YES;
				CLANG_WARN_COMMA = YES;
				CLANG_WARN_CONSTANT_CONVERSION = YES;
				CLANG_WARN_DEPRECATED_OBJC_IMPLEMENTATIONS = YES;
				CLANG_WARN_DIRECT_OBJC_ISA_USAGE = YES_ERROR;
				CLANG_WARN_DOCUMENTATION_COMMENTS = YES;
				CLANG_WARN_EMPTY_BODY = YES;
				CLANG_WARN_ENUM_CONVERSION = YES;
				CLANG_WARN_INFINITE_RECURSION = YES;
				CLANG_WARN_INT_CONVERSION = YES;
				CLANG_WARN_NON_LITERAL_NULL_CONVERSION = YES;
				CLANG_WARN_OBJC_IMPLICIT_RETAIN_SELF = YES;
				CLANG_WARN_OBJC_LITERAL_CONVERSION = YES;
				CLANG_WARN_OBJC_ROOT_CLASS = YES_ERROR;
				CLANG_WARN_QUOTED_INCLUDE_IN_FRAMEWORK_HEADER = YES;
				CLANG_WARN_RANGE_LOOP_ANALYSIS = YES;
				CLANG_WARN_STRICT_PROTOTYPES = YES;
				CLANG_WARN_SUSPICIOUS_MOVE = YES;
				CLANG_WARN_UNGUARDED_AVAILABILITY = YES_AGGRESSIVE;
				CLANG_WARN_UNREACHABLE_CODE = YES;
				CLANG_WARN__DUPLICATE_METHOD_MATCH = YES;
				COPY_PHASE_STRIP = NO;
				DEBUG_INFORMATION_FORMAT = "dwarf-with-dsym";
				DEVELOPMENT_TEAM = 46J9PBFLF3;
				ENABLE_NS_ASSERTIONS = NO;
				ENABLE_STRICT_OBJC_MSGSEND = YES;
				ENABLE_USER_SCRIPT_SANDBOXING = YES;
				GCC_C_LANGUAGE_STANDARD = gnu11;
				GCC_NO_COMMON_BLOCKS = YES;
				GCC_WARN_64_TO_32_BIT_CONVERSION = YES;
				GCC_WARN_ABOUT_RETURN_TYPE = YES_ERROR;
				GCC_WARN_UNDECLARED_SELECTOR = YES;
				GCC_WARN_UNINITIALIZED_AUTOS = YES_AGGRESSIVE;
				GCC_WARN_UNUSED_FUNCTION = YES;
				GCC_WARN_UNUSED_VARIABLE = YES;
				IPHONEOS_DEPLOYMENT_TARGET = 17.0;
				MTL_ENABLE_DEBUG_INFO = NO;
				MTL_FAST_MATH = YES;
				PRODUCT_NAME = "$(TARGET_NAME)";
				SDKROOT = iphoneos;
				STRING_CATALOG_GENERATE_SYMBOLS = YES;
				SWIFT_COMPILATION_MODE = wholemodule;
				SWIFT_OPTIMIZATION_LEVEL = "-O";
				SWIFT_VERSION = 5.9;
			};
			name = Release;
		};
/* End XCBuildConfiguration section */

/* Begin XCConfigurationList section */
		15809E0224D6D43A180FF6A0 /* Build configuration list for PBXProject "FoodPan" */ = {
			isa = XCConfigurationList;
			buildConfigurations = (
				16CAE9DE19CD0674F426FCC9 /* Debug */,
				E181AC1F17D7A1F0847EC711 /* Release */,
			);
			defaultConfigurationIsVisible = 0;
			defaultConfigurationName = Debug;
		};
		4D319EC6D14B50443532126B /* Build configuration list for PBXNativeTarget "FoodPan" */ = {
			isa = XCConfigurationList;
			buildConfigurations = (
				BFA9DF01AD0979737A6CA7B9 /* Debug */,
				65B6AB04559AA1F4B17523AE /* Release */,
			);
			defaultConfigurationIsVisible = 0;
			defaultConfigurationName = Debug;
		};
		B574B9137B01C00D4E2D5BB9 /* Build configuration list for PBXNativeTarget "FoodPanTests" */ = {
			isa = XCConfigurationList;
			buildConfigurations = (
				6EC60B8158299FC8F86BEC97 /* Debug */,
				B9D74D5FA602AEAC738C4059 /* Release */,
			);
			defaultConfigurationIsVisible = 0;
			defaultConfigurationName = Debug;
		};
/* End XCConfigurationList section */

/* Begin XCRemoteSwiftPackageReference section */
		E506F1312091CA9397364DDD /* XCRemoteSwiftPackageReference "supabase-swift" */ = {
			isa = XCRemoteSwiftPackageReference;
			repositoryURL = "https://github.com/supabase/supabase-swift";
			requirement = {
				kind = upToNextMajorVersion;
				minimumVersion = 2.0.0;
			};
		};
		G00GL3S1GN1N000000000001 /* XCRemoteSwiftPackageReference "GoogleSignIn-iOS" */ = {
			isa = XCRemoteSwiftPackageReference;
			repositoryURL = "https://github.com/google/GoogleSignIn-iOS";
			requirement = {
				kind = upToNextMajorVersion;
				minimumVersion = 8.0.0;
			};
		};
/* End XCRemoteSwiftPackageReference section */

/* Begin XCSwiftPackageProductDependency section */
		57224A54A29887D44C1FCDBD /* Supabase */ = {
			isa = XCSwiftPackageProductDependency;
			package = E506F1312091CA9397364DDD /* XCRemoteSwiftPackageReference "supabase-swift" */;
			productName = Supabase;
		};
		G00GL3S1GN1N000000000003 /* GoogleSignIn */ = {
			isa = XCSwiftPackageProductDependency;
			package = G00GL3S1GN1N000000000001 /* XCRemoteSwiftPackageReference "GoogleSignIn-iOS" */;
			productName = GoogleSignIn;
		};
/* End XCSwiftPackageProductDependency section */
	};
	rootObject = EC5D466EA8E1FA68FFA13248 /* Project object */;
}
